<?xml version="1.0" encoding="utf-8"?>
<Project ToolsVersion="4.0" xmlns="http://schemas.microsoft.com/developer/msbuild/2003">
  <ItemGroup>
    <Filter Include="src">
      <UniqueIdentifier>{93bb99d1-034f-421d-abf2-856b22079565}</UniqueIdentifier>
    </Filter>
    <Filter Include="include">
      <UniqueIdentifier>{661147bd-4839-4f24-8697-6ce5cb9b61a2}</UniqueIdentifier>
    </Filter>
  </ItemGroup>
  <ItemGroup>
    <ClInclude Include="..\..\Include\DetourAlloc.h">
      <Filter>include</Filter>
    </ClInclude>
    <ClInclude Include="..\..\Include\DetourCommon.h">
      <Filter>include</Filter>
    </ClInclude>
    <ClInclude Include="..\..\Include\DetourNavMesh.h">
      <Filter>include</Filter>
    </ClInclude>
    <ClInclude Include="..\..\Include\DetourNavMeshBuilder.h">
      <Filter>include</Filter>
    </ClInclude>
    <ClInclude Include="..\..\Include\DetourNode.h">
      <Filter>include</Filter>
    </ClInclude>
    <ClInclude Include="..\..\Include\DetourAssert.h">
      <Filter>include</Filter>
    </ClInclude>
    <ClInclude Include="..\..\Include\DetourNavMeshQuery.h">
      <Filter>include</Filter>
    </ClInclude>
  </ItemGroup>
  <ItemGroup>
    <ClCompile Include="..\..\Source\DetourAlloc.cpp">
      <Filter>src</Filter>
    </ClCompile>
    <ClCompile Include="..\..\Source\DetourCommon.cpp">
      <Filter>src</Filter>
    </ClCompile>
    <ClCompile Include="..\..\Source\DetourNavMesh.cpp">
      <Filter>src</Filter>
    </ClCompile>
    <ClCompile Include="..\..\Source\DetourNavMeshBuilder.cpp">
      <Filter>src</Filter>
    </ClCompile>
    <ClCompile Include="..\..\Source\DetourNode.cpp">
      <Filter>src</Filter>
    </ClCompile>
    <ClCompile Include="..\..\Source\DetourNavMeshQuery.cpp">
      <Filter>src</Filter>
    </ClCompile>
  </ItemGroup>
</Project>