<?xml version="1.0" encoding="utf-8"?>
<Project ToolsVersion="4.0" xmlns="http://schemas.microsoft.com/developer/msbuild/2003">
  <ItemGroup>
    <Filter Include="Source Files">
      <UniqueIdentifier>{B1F27843-FECA-1BAD-6001-8A0F66EDDE47}</UniqueIdentifier>
      <Extensions>cpp;cxx;cc;c;C</Extensions>
    </Filter>
    <Filter Include="Header Files">
      <UniqueIdentifier>{06319535-FECA-1BAD-6001-8A0F66EDDE47}</UniqueIdentifier>
      <Extensions>h;hpp;hxx;hh</Extensions>
    </Filter>
    <Filter Include="Build Files">
      <UniqueIdentifier>{A1909F1C-FECA-1BAD-6001-8A0F66EDDE47}</UniqueIdentifier>
      <Extensions>mpc;mpb;mwc</Extensions>
    </Filter>
    <Filter Include="Svc Conf Files">
      <UniqueIdentifier>{84D0937A-FECA-1BAD-6001-8A0F66EDDE47}</UniqueIdentifier>
      <Extensions>conf;confxml</Extensions>
    </Filter>
    <Filter Include="Template Files">
      <UniqueIdentifier>{5635C877-FECA-1BAD-6001-8A0F66EDDE47}</UniqueIdentifier>
    </Filter>
  </ItemGroup>
  <ItemGroup>
    <ClCompile Include="main.cpp">
      <Filter>Source Files</Filter>
    </ClCompile>
  </ItemGroup>
  <ItemGroup>
    <ClInclude Include="Asynch_IO.h">
      <Filter>Header Files</Filter>
    </ClInclude>
    <ClInclude Include="Asynch_IO_Helpers.h">
      <Filter>Header Files</Filter>
    </ClInclude>
    <ClInclude Include="Cached_Allocator_T.h">
      <Filter>Header Files</Filter>
    </ClInclude>
    <ClInclude Include="Concurrency.h">
      <Filter>Header Files</Filter>
    </ClInclude>
    <ClInclude Include="Concurrency_T.h">
      <Filter>Header Files</Filter>
    </ClInclude>
    <ClInclude Include="Config_File.h">
      <Filter>Header Files</Filter>
    </ClInclude>
    <ClInclude Include="Datagram.h">
      <Filter>Header Files</Filter>
    </ClInclude>
    <ClInclude Include="Event_Completer.h">
      <Filter>Header Files</Filter>
    </ClInclude>
    <ClInclude Include="Event_Dispatcher.h">
      <Filter>Header Files</Filter>
    </ClInclude>
    <ClInclude Include="Event_Result.h">
      <Filter>Header Files</Filter>
    </ClInclude>
    <ClInclude Include="Export.h">
      <Filter>Header Files</Filter>
    </ClInclude>
    <ClInclude Include="FILE.h">
      <Filter>Header Files</Filter>
    </ClInclude>
    <ClInclude Include="Jaws_IO.h">
      <Filter>Header Files</Filter>
    </ClInclude>
    <ClInclude Include="Options.h">
      <Filter>Header Files</Filter>
    </ClInclude>
    <ClInclude Include="Protocol_Handler.h">
      <Filter>Header Files</Filter>
    </ClInclude>
    <ClInclude Include="Reactive_IO.h">
      <Filter>Header Files</Filter>
    </ClInclude>
    <ClInclude Include="Reactive_IO_Helpers.h">
      <Filter>Header Files</Filter>
    </ClInclude>
    <ClInclude Include="Signal_Task.h">
      <Filter>Header Files</Filter>
    </ClInclude>
    <ClInclude Include="Symbol_Table.h">
      <Filter>Header Files</Filter>
    </ClInclude>
    <ClInclude Include="Synch_IO.h">
      <Filter>Header Files</Filter>
    </ClInclude>
    <ClInclude Include="Task_Timer.h">
      <Filter>Header Files</Filter>
    </ClInclude>
    <ClInclude Include="THYBRID_Concurrency.h">
      <Filter>Header Files</Filter>
    </ClInclude>
    <ClInclude Include="Timer.h">
      <Filter>Header Files</Filter>
    </ClInclude>
    <ClInclude Include="Timer_Helpers.h">
      <Filter>Header Files</Filter>
    </ClInclude>
    <ClInclude Include="TPOOL_Concurrency.h">
      <Filter>Header Files</Filter>
    </ClInclude>
    <ClInclude Include="TPR_Concurrency.h">
      <Filter>Header Files</Filter>
    </ClInclude>
  </ItemGroup>
  <ItemGroup>
    <None Include="jaws3.mpc">
      <Filter>Build Files</Filter>
    </None>
  </ItemGroup>
  <ItemGroup>
    <None Include="jaws.conf">
      <Filter>Svc Conf Files</Filter>
    </None>
  </ItemGroup>
  <ItemGroup>
    <ClCompile Include="Cached_Allocator_T.cpp">
      <Filter>Template Files</Filter>
    </ClCompile>
    <ClCompile Include="Concurrency_T.cpp">
      <Filter>Template Files</Filter>
    </ClCompile>
  </ItemGroup>
</Project>
