<?xml version="1.0" encoding="utf-8"?>
<Project ToolsVersion="4.0" xmlns="http://schemas.microsoft.com/developer/msbuild/2003">
  <ItemGroup>
    <Filter Include="Man Files">
      <UniqueIdentifier>{7B90FA48-FECA-1BAD-6223-DAF371906421}</UniqueIdentifier>
      <Extensions>1 2 3 4 5 6 7 8</Extensions>
    </Filter>
  </ItemGroup>
  <ItemGroup>
    <None Include="ace_gperf.1">
      <Filter>Man Files</Filter>
    </None>
  </ItemGroup>
</Project>
