
Microsoft Visual Studio Solution File, Format Version 10.00
# Visual Studio 2008
# $Id: VC9WorkspaceCreator.pm 1890 2010-08-24 19:48:23Z mitza $
#
# This file was generated by MPC.  Any changes made directly to
# this file will be lost the next time it is generated.
#
# MPC Command:
# /tmp/DOC_ROOT/stage-1367/ACE_wrappers/bin/mwc.pl -type vc9 -recurse -hierarchy -relative ACE_ROOT=/tmp/DOC_ROOT/stage-1367/ACE_wrappers -relative TAO_ROOT=/tmp/DOC_ROOT/stage-1367/ACE_wrappers/TAO -relative CIAO_ROOT=/tmp/DOC_ROOT/stage-1367/ACE_wrappers/TAO/CIAO -relative DANCE_ROOT=/tmp/DOC_ROOT/stage-1367/ACE_wrappers/TAO/DAnCE -name_modifier "*_vc9"
Project("{8BC9CEB8-8B4A-11D0-8D11-00A0C91BC942}") = "direct_logging", "clients\Logger\direct_logging_vc9.vcproj", "{4CC84551-FECA-1BAD-1120-8ECA0471D6B5}"
	ProjectSection(ProjectDependencies) = postProject
		{8D001A18-FECA-1BAD-6AF0-8A634041F2D1} = {8D001A18-FECA-1BAD-6AF0-8A634041F2D1}
	EndProjectSection
EndProject
Project("{8BC9CEB8-8B4A-11D0-8D11-00A0C91BC942}") = "indirect_logging", "clients\Logger\indirect_logging_vc9.vcproj", "{4CC82AB1-FECA-1BAD-1120-8ECA0471D6B5}"
	ProjectSection(ProjectDependencies) = postProject
		{8D001A18-FECA-1BAD-6AF0-8A634041F2D1} = {8D001A18-FECA-1BAD-6AF0-8A634041F2D1}
	EndProjectSection
EndProject
Project("{8BC9CEB8-8B4A-11D0-8D11-00A0C91BC942}") = "Netsvcs_Client_Test", "clients\Naming\Client\Netsvcs_Client_Test_vc9.vcproj", "{74F8AB0F-FECA-1BAD-F396-8E392B1F0415}"
EndProject
Project("{8BC9CEB8-8B4A-11D0-8D11-00A0C91BC942}") = "Netsvcs_Dump_Restore", "clients\Naming\Dump_Restore\Netsvcs_Dump_Restore_vc9.vcproj", "{0099669E-FECA-1BAD-1BE2-2E43250F5E17}"
EndProject
Project("{8BC9CEB8-8B4A-11D0-8D11-00A0C91BC942}") = "netsvcs", "lib\netsvcs_vc9.vcproj", "{8D001A18-FECA-1BAD-6AF0-8A634041F2D1}"
EndProject
Project("{8BC9CEB8-8B4A-11D0-8D11-00A0C91BC942}") = "Netsvcs_server", "servers\Netsvcs_server_vc9.vcproj", "{BF464A57-FECA-1BAD-0251-FF46ED064212}"
	ProjectSection(ProjectDependencies) = postProject
		{8D001A18-FECA-1BAD-6AF0-8A634041F2D1} = {8D001A18-FECA-1BAD-6AF0-8A634041F2D1}
	EndProjectSection
EndProject
Global
	GlobalSection(SolutionConfigurationPlatforms) = preSolution
		Debug|Win32 = Debug|Win32
		Debug|x64 = Debug|x64
		Release|Win32 = Release|Win32
		Release|x64 = Release|x64
	EndGlobalSection
	GlobalSection(ProjectConfigurationPlatforms) = postSolution
		{4CC84551-FECA-1BAD-1120-8ECA0471D6B5}.Debug|Win32.ActiveCfg = Debug|Win32
		{4CC84551-FECA-1BAD-1120-8ECA0471D6B5}.Debug|Win32.Build.0 = Debug|Win32
		{4CC84551-FECA-1BAD-1120-8ECA0471D6B5}.Debug|x64.ActiveCfg = Debug|x64
		{4CC84551-FECA-1BAD-1120-8ECA0471D6B5}.Debug|x64.Build.0 = Debug|x64
		{4CC84551-FECA-1BAD-1120-8ECA0471D6B5}.Release|Win32.ActiveCfg = Release|Win32
		{4CC84551-FECA-1BAD-1120-8ECA0471D6B5}.Release|Win32.Build.0 = Release|Win32
		{4CC84551-FECA-1BAD-1120-8ECA0471D6B5}.Release|x64.ActiveCfg = Release|x64
		{4CC84551-FECA-1BAD-1120-8ECA0471D6B5}.Release|x64.Build.0 = Release|x64
		{4CC82AB1-FECA-1BAD-1120-8ECA0471D6B5}.Debug|Win32.ActiveCfg = Debug|Win32
		{4CC82AB1-FECA-1BAD-1120-8ECA0471D6B5}.Debug|Win32.Build.0 = Debug|Win32
		{4CC82AB1-FECA-1BAD-1120-8ECA0471D6B5}.Debug|x64.ActiveCfg = Debug|x64
		{4CC82AB1-FECA-1BAD-1120-8ECA0471D6B5}.Debug|x64.Build.0 = Debug|x64
		{4CC82AB1-FECA-1BAD-1120-8ECA0471D6B5}.Release|Win32.ActiveCfg = Release|Win32
		{4CC82AB1-FECA-1BAD-1120-8ECA0471D6B5}.Release|Win32.Build.0 = Release|Win32
		{4CC82AB1-FECA-1BAD-1120-8ECA0471D6B5}.Release|x64.ActiveCfg = Release|x64
		{4CC82AB1-FECA-1BAD-1120-8ECA0471D6B5}.Release|x64.Build.0 = Release|x64
		{74F8AB0F-FECA-1BAD-F396-8E392B1F0415}.Debug|Win32.ActiveCfg = Debug|Win32
		{74F8AB0F-FECA-1BAD-F396-8E392B1F0415}.Debug|Win32.Build.0 = Debug|Win32
		{74F8AB0F-FECA-1BAD-F396-8E392B1F0415}.Debug|x64.ActiveCfg = Debug|x64
		{74F8AB0F-FECA-1BAD-F396-8E392B1F0415}.Debug|x64.Build.0 = Debug|x64
		{74F8AB0F-FECA-1BAD-F396-8E392B1F0415}.Release|Win32.ActiveCfg = Release|Win32
		{74F8AB0F-FECA-1BAD-F396-8E392B1F0415}.Release|Win32.Build.0 = Release|Win32
		{74F8AB0F-FECA-1BAD-F396-8E392B1F0415}.Release|x64.ActiveCfg = Release|x64
		{74F8AB0F-FECA-1BAD-F396-8E392B1F0415}.Release|x64.Build.0 = Release|x64
		{0099669E-FECA-1BAD-1BE2-2E43250F5E17}.Debug|Win32.ActiveCfg = Debug|Win32
		{0099669E-FECA-1BAD-1BE2-2E43250F5E17}.Debug|Win32.Build.0 = Debug|Win32
		{0099669E-FECA-1BAD-1BE2-2E43250F5E17}.Debug|x64.ActiveCfg = Debug|x64
		{0099669E-FECA-1BAD-1BE2-2E43250F5E17}.Debug|x64.Build.0 = Debug|x64
		{0099669E-FECA-1BAD-1BE2-2E43250F5E17}.Release|Win32.ActiveCfg = Release|Win32
		{0099669E-FECA-1BAD-1BE2-2E43250F5E17}.Release|Win32.Build.0 = Release|Win32
		{0099669E-FECA-1BAD-1BE2-2E43250F5E17}.Release|x64.ActiveCfg = Release|x64
		{0099669E-FECA-1BAD-1BE2-2E43250F5E17}.Release|x64.Build.0 = Release|x64
		{8D001A18-FECA-1BAD-6AF0-8A634041F2D1}.Debug|Win32.ActiveCfg = Debug|Win32
		{8D001A18-FECA-1BAD-6AF0-8A634041F2D1}.Debug|Win32.Build.0 = Debug|Win32
		{8D001A18-FECA-1BAD-6AF0-8A634041F2D1}.Debug|x64.ActiveCfg = Debug|x64
		{8D001A18-FECA-1BAD-6AF0-8A634041F2D1}.Debug|x64.Build.0 = Debug|x64
		{8D001A18-FECA-1BAD-6AF0-8A634041F2D1}.Release|Win32.ActiveCfg = Release|Win32
		{8D001A18-FECA-1BAD-6AF0-8A634041F2D1}.Release|Win32.Build.0 = Release|Win32
		{8D001A18-FECA-1BAD-6AF0-8A634041F2D1}.Release|x64.ActiveCfg = Release|x64
		{8D001A18-FECA-1BAD-6AF0-8A634041F2D1}.Release|x64.Build.0 = Release|x64
		{BF464A57-FECA-1BAD-0251-FF46ED064212}.Debug|Win32.ActiveCfg = Debug|Win32
		{BF464A57-FECA-1BAD-0251-FF46ED064212}.Debug|Win32.Build.0 = Debug|Win32
		{BF464A57-FECA-1BAD-0251-FF46ED064212}.Debug|x64.ActiveCfg = Debug|x64
		{BF464A57-FECA-1BAD-0251-FF46ED064212}.Debug|x64.Build.0 = Debug|x64
		{BF464A57-FECA-1BAD-0251-FF46ED064212}.Release|Win32.ActiveCfg = Release|Win32
		{BF464A57-FECA-1BAD-0251-FF46ED064212}.Release|Win32.Build.0 = Release|Win32
		{BF464A57-FECA-1BAD-0251-FF46ED064212}.Release|x64.ActiveCfg = Release|x64
		{BF464A57-FECA-1BAD-0251-FF46ED064212}.Release|x64.Build.0 = Release|x64
	EndGlobalSection
	GlobalSection(SolutionProperties) = preSolution
		HideSolutionNode = FALSE
	EndGlobalSection
EndGlobal
