<?xml version="1.0" encoding="utf-8"?>
<Project ToolsVersion="4.0" xmlns="http://schemas.microsoft.com/developer/msbuild/2003">
  <ItemGroup>
    <Filter Include="Source Files">
      <UniqueIdentifier>{B1F27843-FECA-1BAD-6AF0-8A634041F2D1}</UniqueIdentifier>
      <Extensions>cpp;cxx;cc;c;C</Extensions>
    </Filter>
    <Filter Include="Header Files">
      <UniqueIdentifier>{06319535-FECA-1BAD-6AF0-8A634041F2D1}</UniqueIdentifier>
      <Extensions>h;hpp;hxx;hh</Extensions>
    </Filter>
    <Filter Include="Build Files">
      <UniqueIdentifier>{A1909F1C-FECA-1BAD-6AF0-8A634041F2D1}</UniqueIdentifier>
      <Extensions>mpc;mpb;mwc</Extensions>
    </Filter>
    <Filter Include="Template Files">
      <UniqueIdentifier>{5635C877-FECA-1BAD-6AF0-8A634041F2D1}</UniqueIdentifier>
    </Filter>
    <Filter Include="Documentation">
      <UniqueIdentifier>{B14BBA74-FECA-1BAD-6AF0-8A634041F2D1}</UniqueIdentifier>
    </Filter>
  </ItemGroup>
  <ItemGroup>
    <ClCompile Include="Base_Optimizer.cpp">
      <Filter>Source Files</Filter>
    </ClCompile>
    <ClCompile Include="Client_Logging_Handler.cpp">
      <Filter>Source Files</Filter>
    </ClCompile>
    <ClCompile Include="Log_Message_Receiver.cpp">
      <Filter>Source Files</Filter>
    </ClCompile>
    <ClCompile Include="Name_Handler.cpp">
      <Filter>Source Files</Filter>
    </ClCompile>
    <ClCompile Include="Server_Logging_Handler.cpp">
      <Filter>Source Files</Filter>
    </ClCompile>
    <ClCompile Include="Time_Request_Reply.cpp">
      <Filter>Source Files</Filter>
    </ClCompile>
    <ClCompile Include="Token_Handler.cpp">
      <Filter>Source Files</Filter>
    </ClCompile>
    <ClCompile Include="TS_Clerk_Handler.cpp">
      <Filter>Source Files</Filter>
    </ClCompile>
    <ClCompile Include="TS_Server_Handler.cpp">
      <Filter>Source Files</Filter>
    </ClCompile>
  </ItemGroup>
  <ItemGroup>
    <ClInclude Include="Base_Optimizer.h">
      <Filter>Header Files</Filter>
    </ClInclude>
    <ClInclude Include="Client_Logging_Handler.h">
      <Filter>Header Files</Filter>
    </ClInclude>
    <ClInclude Include="Log_Message_Receiver.h">
      <Filter>Header Files</Filter>
    </ClInclude>
    <ClInclude Include="Name_Handler.h">
      <Filter>Header Files</Filter>
    </ClInclude>
    <ClInclude Include="Server_Logging_Handler.h">
      <Filter>Header Files</Filter>
    </ClInclude>
    <ClInclude Include="Server_Logging_Handler_T.h">
      <Filter>Header Files</Filter>
    </ClInclude>
    <ClInclude Include="Time_Request_Reply.h">
      <Filter>Header Files</Filter>
    </ClInclude>
    <ClInclude Include="Token_Handler.h">
      <Filter>Header Files</Filter>
    </ClInclude>
    <ClInclude Include="TS_Clerk_Handler.h">
      <Filter>Header Files</Filter>
    </ClInclude>
    <ClInclude Include="TS_Server_Handler.h">
      <Filter>Header Files</Filter>
    </ClInclude>
  </ItemGroup>
  <ItemGroup>
    <None Include="lib.mpc">
      <Filter>Build Files</Filter>
    </None>
  </ItemGroup>
  <ItemGroup>
    <ClCompile Include="Server_Logging_Handler_T.cpp">
      <Filter>Template Files</Filter>
    </ClCompile>
  </ItemGroup>
  <ItemGroup>
    <CustomBuild Include="README">
      <Filter>Documentation</Filter>
    </CustomBuild>
  </ItemGroup>
</Project>
