
Microsoft Visual Studio Solution File, Format Version 11.00
# Visual Studio 2010
# $Id: VC10WorkspaceCreator.pm 1890 2010-08-24 19:48:23Z mitza $
#
# This file was generated by MPC.  Any changes made directly to
# this file will be lost the next time it is generated.
#
# MPC Command:
# /tmp/DOC_ROOT/stage-1367/ACE_wrappers/bin/mwc.pl -type vc10 -recurse -hierarchy -relative ACE_ROOT=/tmp/DOC_ROOT/stage-1367/ACE_wrappers -relative TAO_ROOT=/tmp/DOC_ROOT/stage-1367/ACE_wrappers/TAO -relative CIAO_ROOT=/tmp/DOC_ROOT/stage-1367/ACE_wrappers/TAO/CIAO -relative DANCE_ROOT=/tmp/DOC_ROOT/stage-1367/ACE_wrappers/TAO/DAnCE -name_modifier "*_vc10"
Project("{8BC9CEB8-8B4A-11D0-8D11-00A0C91BC942}") = "Gateway", "Gateway\Gateway_vc10.vcxproj", "{067840CB-FECA-1BAD-216B-EB0100066773}"
EndProject
Project("{8BC9CEB8-8B4A-11D0-8D11-00A0C91BC942}") = "gatewayd", "Gateway\gatewayd_vc10.vcxproj", "{7FCD34C8-FECA-1BAD-216B-EB0100066773}"
	ProjectSection(ProjectDependencies) = postProject
		{067840CB-FECA-1BAD-216B-EB0100066773} = {067840CB-FECA-1BAD-216B-EB0100066773}
	EndProjectSection
EndProject
Project("{8BC9CEB8-8B4A-11D0-8D11-00A0C91BC942}") = "Gateway_Peer", "Peer\Gateway_Peer_vc10.vcxproj", "{40ED3A0E-FECA-1BAD-6320-8A6461A17566}"
EndProject
Project("{8BC9CEB8-8B4A-11D0-8D11-00A0C91BC942}") = "gateway_peerd", "Peer\gateway_peerd_vc10.vcxproj", "{16BA989C-FECA-1BAD-6320-8A6461A17566}"
	ProjectSection(ProjectDependencies) = postProject
		{40ED3A0E-FECA-1BAD-6320-8A6461A17566} = {40ED3A0E-FECA-1BAD-6320-8A6461A17566}
	EndProjectSection
EndProject
Global
	GlobalSection(SolutionConfigurationPlatforms) = preSolution
		Debug|Win32 = Debug|Win32
		Debug|x64 = Debug|x64
		Release|Win32 = Release|Win32
		Release|x64 = Release|x64
	EndGlobalSection
	GlobalSection(ProjectConfigurationPlatforms) = postSolution
		{067840CB-FECA-1BAD-216B-EB0100066773}.Debug|Win32.ActiveCfg = Debug|Win32
		{067840CB-FECA-1BAD-216B-EB0100066773}.Debug|Win32.Build.0 = Debug|Win32
		{067840CB-FECA-1BAD-216B-EB0100066773}.Debug|x64.ActiveCfg = Debug|x64
		{067840CB-FECA-1BAD-216B-EB0100066773}.Debug|x64.Build.0 = Debug|x64
		{067840CB-FECA-1BAD-216B-EB0100066773}.Release|Win32.ActiveCfg = Release|Win32
		{067840CB-FECA-1BAD-216B-EB0100066773}.Release|Win32.Build.0 = Release|Win32
		{067840CB-FECA-1BAD-216B-EB0100066773}.Release|x64.ActiveCfg = Release|x64
		{067840CB-FECA-1BAD-216B-EB0100066773}.Release|x64.Build.0 = Release|x64
		{7FCD34C8-FECA-1BAD-216B-EB0100066773}.Debug|Win32.ActiveCfg = Debug|Win32
		{7FCD34C8-FECA-1BAD-216B-EB0100066773}.Debug|Win32.Build.0 = Debug|Win32
		{7FCD34C8-FECA-1BAD-216B-EB0100066773}.Debug|x64.ActiveCfg = Debug|x64
		{7FCD34C8-FECA-1BAD-216B-EB0100066773}.Debug|x64.Build.0 = Debug|x64
		{7FCD34C8-FECA-1BAD-216B-EB0100066773}.Release|Win32.ActiveCfg = Release|Win32
		{7FCD34C8-FECA-1BAD-216B-EB0100066773}.Release|Win32.Build.0 = Release|Win32
		{7FCD34C8-FECA-1BAD-216B-EB0100066773}.Release|x64.ActiveCfg = Release|x64
		{7FCD34C8-FECA-1BAD-216B-EB0100066773}.Release|x64.Build.0 = Release|x64
		{40ED3A0E-FECA-1BAD-6320-8A6461A17566}.Debug|Win32.ActiveCfg = Debug|Win32
		{40ED3A0E-FECA-1BAD-6320-8A6461A17566}.Debug|Win32.Build.0 = Debug|Win32
		{40ED3A0E-FECA-1BAD-6320-8A6461A17566}.Debug|x64.ActiveCfg = Debug|x64
		{40ED3A0E-FECA-1BAD-6320-8A6461A17566}.Debug|x64.Build.0 = Debug|x64
		{40ED3A0E-FECA-1BAD-6320-8A6461A17566}.Release|Win32.ActiveCfg = Release|Win32
		{40ED3A0E-FECA-1BAD-6320-8A6461A17566}.Release|Win32.Build.0 = Release|Win32
		{40ED3A0E-FECA-1BAD-6320-8A6461A17566}.Release|x64.ActiveCfg = Release|x64
		{40ED3A0E-FECA-1BAD-6320-8A6461A17566}.Release|x64.Build.0 = Release|x64
		{16BA989C-FECA-1BAD-6320-8A6461A17566}.Debug|Win32.ActiveCfg = Debug|Win32
		{16BA989C-FECA-1BAD-6320-8A6461A17566}.Debug|Win32.Build.0 = Debug|Win32
		{16BA989C-FECA-1BAD-6320-8A6461A17566}.Debug|x64.ActiveCfg = Debug|x64
		{16BA989C-FECA-1BAD-6320-8A6461A17566}.Debug|x64.Build.0 = Debug|x64
		{16BA989C-FECA-1BAD-6320-8A6461A17566}.Release|Win32.ActiveCfg = Release|Win32
		{16BA989C-FECA-1BAD-6320-8A6461A17566}.Release|Win32.Build.0 = Release|Win32
		{16BA989C-FECA-1BAD-6320-8A6461A17566}.Release|x64.ActiveCfg = Release|x64
		{16BA989C-FECA-1BAD-6320-8A6461A17566}.Release|x64.Build.0 = Release|x64
	EndGlobalSection
	GlobalSection(SolutionProperties) = preSolution
		HideSolutionNode = FALSE
	EndGlobalSection
EndGlobal
