<?xml version="1.0" encoding="utf-8"?>
<Project ToolsVersion="4.0" xmlns="http://schemas.microsoft.com/developer/msbuild/2003">
  <ItemGroup>
    <Filter Include="generator">
      <UniqueIdentifier>{dcfc8b46-b41f-4c19-9f6b-257a463f6c67}</UniqueIdentifier>
    </Filter>
    <Filter Include="vmap">
      <UniqueIdentifier>{8c2c5f18-4147-4fdb-bd45-aa9664476e6c}</UniqueIdentifier>
    </Filter>
  </ItemGroup>
  <ItemGroup>
    <ClCompile Include="..\..\src\generator.cpp">
      <Filter>generator</Filter>
    </ClCompile>
    <ClCompile Include="..\..\src\VMapExtensions.cpp">
      <Filter>generator</Filter>
    </ClCompile>
    <ClCompile Include="..\..\src\MapBuilder.cpp">
      <Filter>generator</Filter>
    </ClCompile>
    <ClCompile Include="..\..\..\..\src\game\vmap\BIH.cpp">
      <Filter>vmap</Filter>
    </ClCompile>
    <ClCompile Include="..\..\..\..\src\game\vmap\MapTree.cpp">
      <Filter>vmap</Filter>
    </ClCompile>
    <ClCompile Include="..\..\..\..\src\game\vmap\ModelInstance.cpp">
      <Filter>vmap</Filter>
    </ClCompile>
    <ClCompile Include="..\..\..\..\src\game\vmap\TileAssembler.cpp">
      <Filter>vmap</Filter>
    </ClCompile>
    <ClCompile Include="..\..\..\..\src\game\vmap\VMapFactory.cpp">
      <Filter>vmap</Filter>
    </ClCompile>
    <ClCompile Include="..\..\..\..\src\game\vmap\VMapManager2.cpp">
      <Filter>vmap</Filter>
    </ClCompile>
    <ClCompile Include="..\..\..\..\src\game\vmap\WorldModel.cpp">
      <Filter>vmap</Filter>
    </ClCompile>
    <ClCompile Include="..\..\src\TerrainBuilder.cpp">
      <Filter>generator</Filter>
    </ClCompile>
    <ClCompile Include="..\..\src\IntermediateValues.cpp">
      <Filter>generator</Filter>
    </ClCompile>
  </ItemGroup>
  <ItemGroup>
    <ClInclude Include="..\..\src\MMapCommon.h">
      <Filter>generator</Filter>
    </ClInclude>
    <ClInclude Include="..\..\src\IntermediateValues.h">
      <Filter>generator</Filter>
    </ClInclude>
    <ClInclude Include="..\..\src\MangosMap.h">
      <Filter>generator</Filter>
    </ClInclude>
    <ClInclude Include="..\..\src\MapBuilder.h">
      <Filter>generator</Filter>
    </ClInclude>
    <ClInclude Include="..\..\..\..\src\game\MoveMapSharedDefines.h">
      <Filter>generator</Filter>
    </ClInclude>
    <ClInclude Include="..\..\..\..\src\game\vmap\BIH.h">
      <Filter>vmap</Filter>
    </ClInclude>
    <ClInclude Include="..\..\..\..\src\game\vmap\IVMapManager.h">
      <Filter>vmap</Filter>
    </ClInclude>
    <ClInclude Include="..\..\..\..\src\game\vmap\MapTree.h">
      <Filter>vmap</Filter>
    </ClInclude>
    <ClInclude Include="..\..\..\..\src\game\vmap\ModelInstance.h">
      <Filter>vmap</Filter>
    </ClInclude>
    <ClInclude Include="..\..\..\..\src\game\vmap\TileAssembler.h">
      <Filter>vmap</Filter>
    </ClInclude>
    <ClInclude Include="..\..\..\..\src\game\vmap\VMapDefinitions.h">
      <Filter>vmap</Filter>
    </ClInclude>
    <ClInclude Include="..\..\..\..\src\game\vmap\VMapFactory.h">
      <Filter>vmap</Filter>
    </ClInclude>
    <ClInclude Include="..\..\..\..\src\game\vmap\VMapManager2.h">
      <Filter>vmap</Filter>
    </ClInclude>
    <ClInclude Include="..\..\..\..\src\game\vmap\VMapTools.h">
      <Filter>vmap</Filter>
    </ClInclude>
    <ClInclude Include="..\..\..\..\src\game\vmap\WorldModel.h">
      <Filter>vmap</Filter>
    </ClInclude>
    <ClInclude Include="..\..\src\TerrainBuilder.h">
      <Filter>generator</Filter>
    </ClInclude>
  </ItemGroup>
</Project>