
Microsoft Visual Studio Solution File, Format Version 10.00
# Visual Studio 2008
# $Id: VC9WorkspaceCreator.pm 1890 2010-08-24 19:48:23Z mitza $
#
# This file was generated by MPC.  Any changes made directly to
# this file will be lost the next time it is generated.
#
# MPC Command:
# /tmp/DOC_ROOT/stage-1367/ACE_wrappers/bin/mwc.pl -type vc9 -recurse -hierarchy -relative ACE_ROOT=/tmp/DOC_ROOT/stage-1367/ACE_wrappers -relative TAO_ROOT=/tmp/DOC_ROOT/stage-1367/ACE_wrappers/TAO -relative CIAO_ROOT=/tmp/DOC_ROOT/stage-1367/ACE_wrappers/TAO/CIAO -relative DANCE_ROOT=/tmp/DOC_ROOT/stage-1367/ACE_wrappers/TAO/DAnCE -name_modifier "*_vc9"
Project("{8BC9CEB8-8B4A-11D0-8D11-00A0C91BC942}") = "Gateway", "Gateway\Gateway\Gateway_vc9.vcproj", "{9B12B88C-FECA-1BAD-216B-EB0100066773}"
EndProject
Project("{8BC9CEB8-8B4A-11D0-8D11-00A0C91BC942}") = "gatewayd", "Gateway\Gateway\gatewayd_vc9.vcproj", "{986B0DF8-FECA-1BAD-216B-EB0100066773}"
	ProjectSection(ProjectDependencies) = postProject
		{9B12B88C-FECA-1BAD-216B-EB0100066773} = {9B12B88C-FECA-1BAD-216B-EB0100066773}
	EndProjectSection
EndProject
Project("{8BC9CEB8-8B4A-11D0-8D11-00A0C91BC942}") = "Gateway_Peer", "Gateway\Peer\Gateway_Peer_vc9.vcproj", "{5E542DF6-FECA-1BAD-6320-8A6461A17566}"
EndProject
Project("{8BC9CEB8-8B4A-11D0-8D11-00A0C91BC942}") = "gateway_peerd", "Gateway\Peer\gateway_peerd_vc9.vcproj", "{CC027A54-FECA-1BAD-6320-8A6461A17566}"
	ProjectSection(ProjectDependencies) = postProject
		{5E542DF6-FECA-1BAD-6320-8A6461A17566} = {5E542DF6-FECA-1BAD-6320-8A6461A17566}
	EndProjectSection
EndProject
Project("{8BC9CEB8-8B4A-11D0-8D11-00A0C91BC942}") = "blobby", "JAWS\clients\Blobby\blobby_vc9.vcproj", "{1041BCFE-FECA-1BAD-945B-8C296561D98E}"
EndProject
Project("{8BC9CEB8-8B4A-11D0-8D11-00A0C91BC942}") = "http_client", "JAWS\clients\Caching\http_client_vc9.vcproj", "{10CE590F-FECA-1BAD-EF85-EF1657C132F1}"
EndProject
Project("{8BC9CEB8-8B4A-11D0-8D11-00A0C91BC942}") = "JAWS_server", "JAWS\server\JAWS_server_vc9.vcproj", "{98E22A1F-FECA-1BAD-5020-8D317F23EE66}"
	ProjectSection(ProjectDependencies) = postProject
		{F7461C9A-FECA-1BAD-5020-8D317F23EE66} = {F7461C9A-FECA-1BAD-5020-8D317F23EE66}
	EndProjectSection
EndProject
Project("{8BC9CEB8-8B4A-11D0-8D11-00A0C91BC942}") = "JAWS", "JAWS\server\JAWS_vc9.vcproj", "{F7461C9A-FECA-1BAD-5020-8D317F23EE66}"
EndProject
Project("{8BC9CEB8-8B4A-11D0-8D11-00A0C91BC942}") = "HTTPU", "JAWS2\HTTPU\HTTPU_vc9.vcproj", "{68117C9E-FECA-1BAD-3377-8A0C67CCAF11}"
	ProjectSection(ProjectDependencies) = postProject
		{5D240C9E-FECA-1BAD-6000-8A0F467CFFC7} = {5D240C9E-FECA-1BAD-6000-8A0F467CFFC7}
	EndProjectSection
EndProject
Project("{8BC9CEB8-8B4A-11D0-8D11-00A0C91BC942}") = "JAWS2", "JAWS2\JAWS\JAWS2_vc9.vcproj", "{5D240C9E-FECA-1BAD-6000-8A0F467CFFC7}"
EndProject
Project("{8BC9CEB8-8B4A-11D0-8D11-00A0C91BC942}") = "JAWS3_server", "JAWS3\jaws3\JAWS3_server_vc9.vcproj", "{D2440A1F-FECA-1BAD-6001-8A0F66EDDE47}"
	ProjectSection(ProjectDependencies) = postProject
		{5D241C9E-FECA-1BAD-6001-8A0F66EDDE47} = {5D241C9E-FECA-1BAD-6001-8A0F66EDDE47}
	EndProjectSection
EndProject
Project("{8BC9CEB8-8B4A-11D0-8D11-00A0C91BC942}") = "JAWS3", "JAWS3\jaws3\JAWS3_vc9.vcproj", "{5D241C9E-FECA-1BAD-6001-8A0F66EDDE47}"
EndProject
Project("{8BC9CEB8-8B4A-11D0-8D11-00A0C91BC942}") = "gperf_docs", "gperf\gperf_docs_vc9.vcproj", "{2BF07ED9-FECA-1BAD-6223-DAF371906421}"
EndProject
Project("{8BC9CEB8-8B4A-11D0-8D11-00A0C91BC942}") = "gperf", "gperf\src\gperf_vc9.vcproj", "{BF204C9C-FECA-1BAD-6244-8A036423F5D3}"
EndProject
Project("{8BC9CEB8-8B4A-11D0-8D11-00A0C91BC942}") = "adainset", "gperf\tests\adainset_vc9.vcproj", "{40560BBD-FECA-1BAD-2431-8A1123F3B457}"
	ProjectSection(ProjectDependencies) = postProject
		{BF204C9C-FECA-1BAD-6244-8A036423F5D3} = {BF204C9C-FECA-1BAD-6244-8A036423F5D3}
	EndProjectSection
EndProject
Project("{8BC9CEB8-8B4A-11D0-8D11-00A0C91BC942}") = "cinset", "gperf\tests\cinset_vc9.vcproj", "{40566CFF-FECA-1BAD-2431-8A1123F3B457}"
	ProjectSection(ProjectDependencies) = postProject
		{BF204C9C-FECA-1BAD-6244-8A036423F5D3} = {BF204C9C-FECA-1BAD-6244-8A036423F5D3}
	EndProjectSection
EndProject
Project("{8BC9CEB8-8B4A-11D0-8D11-00A0C91BC942}") = "cppinset", "gperf\tests\cppinset_vc9.vcproj", "{405608EC-FECA-1BAD-2431-8A1123F3B457}"
	ProjectSection(ProjectDependencies) = postProject
		{BF204C9C-FECA-1BAD-6244-8A036423F5D3} = {BF204C9C-FECA-1BAD-6244-8A036423F5D3}
	EndProjectSection
EndProject
Project("{8BC9CEB8-8B4A-11D0-8D11-00A0C91BC942}") = "iinset2", "gperf\tests\iinset2_vc9.vcproj", "{2C230A65-FECA-1BAD-2431-8A1123F3B457}"
	ProjectSection(ProjectDependencies) = postProject
		{BF204C9C-FECA-1BAD-6244-8A036423F5D3} = {BF204C9C-FECA-1BAD-6244-8A036423F5D3}
		{40566CF5-FECA-1BAD-2431-8A1123F3B457} = {40566CF5-FECA-1BAD-2431-8A1123F3B457}
	EndProjectSection
EndProject
Project("{8BC9CEB8-8B4A-11D0-8D11-00A0C91BC942}") = "iinset", "gperf\tests\iinset_vc9.vcproj", "{40566CF5-FECA-1BAD-2431-8A1123F3B457}"
	ProjectSection(ProjectDependencies) = postProject
		{BF204C9C-FECA-1BAD-6244-8A036423F5D3} = {BF204C9C-FECA-1BAD-6244-8A036423F5D3}
	EndProjectSection
EndProject
Project("{8BC9CEB8-8B4A-11D0-8D11-00A0C91BC942}") = "m3inset", "gperf\tests\m3inset_vc9.vcproj", "{40566A7F-FECA-1BAD-2431-8A1123F3B457}"
	ProjectSection(ProjectDependencies) = postProject
		{BF204C9C-FECA-1BAD-6244-8A036423F5D3} = {BF204C9C-FECA-1BAD-6244-8A036423F5D3}
	EndProjectSection
EndProject
Project("{8BC9CEB8-8B4A-11D0-8D11-00A0C91BC942}") = "pinset", "gperf\tests\pinset_vc9.vcproj", "{40566CEC-FECA-1BAD-2431-8A1123F3B457}"
	ProjectSection(ProjectDependencies) = postProject
		{BF204C9C-FECA-1BAD-6244-8A036423F5D3} = {BF204C9C-FECA-1BAD-6244-8A036423F5D3}
	EndProjectSection
EndProject
Project("{8BC9CEB8-8B4A-11D0-8D11-00A0C91BC942}") = "preinset", "gperf\tests\preinset_vc9.vcproj", "{40561BD9-FECA-1BAD-2431-8A1123F3B457}"
	ProjectSection(ProjectDependencies) = postProject
		{BF204C9C-FECA-1BAD-6244-8A036423F5D3} = {BF204C9C-FECA-1BAD-6244-8A036423F5D3}
	EndProjectSection
EndProject
Project("{8BC9CEB8-8B4A-11D0-8D11-00A0C91BC942}") = "taoinset", "gperf\tests\taoinset_vc9.vcproj", "{40561EE3-FECA-1BAD-2431-8A1123F3B457}"
	ProjectSection(ProjectDependencies) = postProject
		{BF204C9C-FECA-1BAD-6244-8A036423F5D3} = {BF204C9C-FECA-1BAD-6244-8A036423F5D3}
	EndProjectSection
EndProject
Project("{8BC9CEB8-8B4A-11D0-8D11-00A0C91BC942}") = "tinset", "gperf\tests\tinset_vc9.vcproj", "{40566CE8-FECA-1BAD-2431-8A1123F3B457}"
	ProjectSection(ProjectDependencies) = postProject
		{BF204C9C-FECA-1BAD-6244-8A036423F5D3} = {BF204C9C-FECA-1BAD-6244-8A036423F5D3}
	EndProjectSection
EndProject
Project("{8BC9CEB8-8B4A-11D0-8D11-00A0C91BC942}") = "mkcsregdb", "mkcsregdb\mkcsregdb_vc9.vcproj", "{FA10B1DE-FECA-1BAD-314B-5E27D22340B9}"
EndProject
Project("{8BC9CEB8-8B4A-11D0-8D11-00A0C91BC942}") = "soreduce", "soreduce\soreduce_vc9.vcproj", "{8A31091E-FECA-1BAD-3350-D2205825444D}"
EndProject
Global
	GlobalSection(SolutionConfigurationPlatforms) = preSolution
		Debug|Win32 = Debug|Win32
		Debug|x64 = Debug|x64
		Release|Win32 = Release|Win32
		Release|x64 = Release|x64
	EndGlobalSection
	GlobalSection(ProjectConfigurationPlatforms) = postSolution
		{9B12B88C-FECA-1BAD-216B-EB0100066773}.Debug|Win32.ActiveCfg = Debug|Win32
		{9B12B88C-FECA-1BAD-216B-EB0100066773}.Debug|Win32.Build.0 = Debug|Win32
		{9B12B88C-FECA-1BAD-216B-EB0100066773}.Debug|x64.ActiveCfg = Debug|x64
		{9B12B88C-FECA-1BAD-216B-EB0100066773}.Debug|x64.Build.0 = Debug|x64
		{9B12B88C-FECA-1BAD-216B-EB0100066773}.Release|Win32.ActiveCfg = Release|Win32
		{9B12B88C-FECA-1BAD-216B-EB0100066773}.Release|Win32.Build.0 = Release|Win32
		{9B12B88C-FECA-1BAD-216B-EB0100066773}.Release|x64.ActiveCfg = Release|x64
		{9B12B88C-FECA-1BAD-216B-EB0100066773}.Release|x64.Build.0 = Release|x64
		{986B0DF8-FECA-1BAD-216B-EB0100066773}.Debug|Win32.ActiveCfg = Debug|Win32
		{986B0DF8-FECA-1BAD-216B-EB0100066773}.Debug|Win32.Build.0 = Debug|Win32
		{986B0DF8-FECA-1BAD-216B-EB0100066773}.Debug|x64.ActiveCfg = Debug|x64
		{986B0DF8-FECA-1BAD-216B-EB0100066773}.Debug|x64.Build.0 = Debug|x64
		{986B0DF8-FECA-1BAD-216B-EB0100066773}.Release|Win32.ActiveCfg = Release|Win32
		{986B0DF8-FECA-1BAD-216B-EB0100066773}.Release|Win32.Build.0 = Release|Win32
		{986B0DF8-FECA-1BAD-216B-EB0100066773}.Release|x64.ActiveCfg = Release|x64
		{986B0DF8-FECA-1BAD-216B-EB0100066773}.Release|x64.Build.0 = Release|x64
		{5E542DF6-FECA-1BAD-6320-8A6461A17566}.Debug|Win32.ActiveCfg = Debug|Win32
		{5E542DF6-FECA-1BAD-6320-8A6461A17566}.Debug|Win32.Build.0 = Debug|Win32
		{5E542DF6-FECA-1BAD-6320-8A6461A17566}.Debug|x64.ActiveCfg = Debug|x64
		{5E542DF6-FECA-1BAD-6320-8A6461A17566}.Debug|x64.Build.0 = Debug|x64
		{5E542DF6-FECA-1BAD-6320-8A6461A17566}.Release|Win32.ActiveCfg = Release|Win32
		{5E542DF6-FECA-1BAD-6320-8A6461A17566}.Release|Win32.Build.0 = Release|Win32
		{5E542DF6-FECA-1BAD-6320-8A6461A17566}.Release|x64.ActiveCfg = Release|x64
		{5E542DF6-FECA-1BAD-6320-8A6461A17566}.Release|x64.Build.0 = Release|x64
		{CC027A54-FECA-1BAD-6320-8A6461A17566}.Debug|Win32.ActiveCfg = Debug|Win32
		{CC027A54-FECA-1BAD-6320-8A6461A17566}.Debug|Win32.Build.0 = Debug|Win32
		{CC027A54-FECA-1BAD-6320-8A6461A17566}.Debug|x64.ActiveCfg = Debug|x64
		{CC027A54-FECA-1BAD-6320-8A6461A17566}.Debug|x64.Build.0 = Debug|x64
		{CC027A54-FECA-1BAD-6320-8A6461A17566}.Release|Win32.ActiveCfg = Release|Win32
		{CC027A54-FECA-1BAD-6320-8A6461A17566}.Release|Win32.Build.0 = Release|Win32
		{CC027A54-FECA-1BAD-6320-8A6461A17566}.Release|x64.ActiveCfg = Release|x64
		{CC027A54-FECA-1BAD-6320-8A6461A17566}.Release|x64.Build.0 = Release|x64
		{1041BCFE-FECA-1BAD-945B-8C296561D98E}.Debug|Win32.ActiveCfg = Debug|Win32
		{1041BCFE-FECA-1BAD-945B-8C296561D98E}.Debug|Win32.Build.0 = Debug|Win32
		{1041BCFE-FECA-1BAD-945B-8C296561D98E}.Debug|x64.ActiveCfg = Debug|x64
		{1041BCFE-FECA-1BAD-945B-8C296561D98E}.Debug|x64.Build.0 = Debug|x64
		{1041BCFE-FECA-1BAD-945B-8C296561D98E}.Release|Win32.ActiveCfg = Release|Win32
		{1041BCFE-FECA-1BAD-945B-8C296561D98E}.Release|Win32.Build.0 = Release|Win32
		{1041BCFE-FECA-1BAD-945B-8C296561D98E}.Release|x64.ActiveCfg = Release|x64
		{1041BCFE-FECA-1BAD-945B-8C296561D98E}.Release|x64.Build.0 = Release|x64
		{10CE590F-FECA-1BAD-EF85-EF1657C132F1}.Debug|Win32.ActiveCfg = Debug|Win32
		{10CE590F-FECA-1BAD-EF85-EF1657C132F1}.Debug|Win32.Build.0 = Debug|Win32
		{10CE590F-FECA-1BAD-EF85-EF1657C132F1}.Debug|x64.ActiveCfg = Debug|x64
		{10CE590F-FECA-1BAD-EF85-EF1657C132F1}.Debug|x64.Build.0 = Debug|x64
		{10CE590F-FECA-1BAD-EF85-EF1657C132F1}.Release|Win32.ActiveCfg = Release|Win32
		{10CE590F-FECA-1BAD-EF85-EF1657C132F1}.Release|Win32.Build.0 = Release|Win32
		{10CE590F-FECA-1BAD-EF85-EF1657C132F1}.Release|x64.ActiveCfg = Release|x64
		{10CE590F-FECA-1BAD-EF85-EF1657C132F1}.Release|x64.Build.0 = Release|x64
		{98E22A1F-FECA-1BAD-5020-8D317F23EE66}.Debug|Win32.ActiveCfg = Debug|Win32
		{98E22A1F-FECA-1BAD-5020-8D317F23EE66}.Debug|Win32.Build.0 = Debug|Win32
		{98E22A1F-FECA-1BAD-5020-8D317F23EE66}.Debug|x64.ActiveCfg = Debug|x64
		{98E22A1F-FECA-1BAD-5020-8D317F23EE66}.Debug|x64.Build.0 = Debug|x64
		{98E22A1F-FECA-1BAD-5020-8D317F23EE66}.Release|Win32.ActiveCfg = Release|Win32
		{98E22A1F-FECA-1BAD-5020-8D317F23EE66}.Release|Win32.Build.0 = Release|Win32
		{98E22A1F-FECA-1BAD-5020-8D317F23EE66}.Release|x64.ActiveCfg = Release|x64
		{98E22A1F-FECA-1BAD-5020-8D317F23EE66}.Release|x64.Build.0 = Release|x64
		{F7461C9A-FECA-1BAD-5020-8D317F23EE66}.Debug|Win32.ActiveCfg = Debug|Win32
		{F7461C9A-FECA-1BAD-5020-8D317F23EE66}.Debug|Win32.Build.0 = Debug|Win32
		{F7461C9A-FECA-1BAD-5020-8D317F23EE66}.Debug|x64.ActiveCfg = Debug|x64
		{F7461C9A-FECA-1BAD-5020-8D317F23EE66}.Debug|x64.Build.0 = Debug|x64
		{F7461C9A-FECA-1BAD-5020-8D317F23EE66}.Release|Win32.ActiveCfg = Release|Win32
		{F7461C9A-FECA-1BAD-5020-8D317F23EE66}.Release|Win32.Build.0 = Release|Win32
		{F7461C9A-FECA-1BAD-5020-8D317F23EE66}.Release|x64.ActiveCfg = Release|x64
		{F7461C9A-FECA-1BAD-5020-8D317F23EE66}.Release|x64.Build.0 = Release|x64
		{68117C9E-FECA-1BAD-3377-8A0C67CCAF11}.Debug|Win32.ActiveCfg = Debug|Win32
		{68117C9E-FECA-1BAD-3377-8A0C67CCAF11}.Debug|Win32.Build.0 = Debug|Win32
		{68117C9E-FECA-1BAD-3377-8A0C67CCAF11}.Debug|x64.ActiveCfg = Debug|x64
		{68117C9E-FECA-1BAD-3377-8A0C67CCAF11}.Debug|x64.Build.0 = Debug|x64
		{68117C9E-FECA-1BAD-3377-8A0C67CCAF11}.Release|Win32.ActiveCfg = Release|Win32
		{68117C9E-FECA-1BAD-3377-8A0C67CCAF11}.Release|Win32.Build.0 = Release|Win32
		{68117C9E-FECA-1BAD-3377-8A0C67CCAF11}.Release|x64.ActiveCfg = Release|x64
		{68117C9E-FECA-1BAD-3377-8A0C67CCAF11}.Release|x64.Build.0 = Release|x64
		{5D240C9E-FECA-1BAD-6000-8A0F467CFFC7}.Debug|Win32.ActiveCfg = Debug|Win32
		{5D240C9E-FECA-1BAD-6000-8A0F467CFFC7}.Debug|Win32.Build.0 = Debug|Win32
		{5D240C9E-FECA-1BAD-6000-8A0F467CFFC7}.Debug|x64.ActiveCfg = Debug|x64
		{5D240C9E-FECA-1BAD-6000-8A0F467CFFC7}.Debug|x64.Build.0 = Debug|x64
		{5D240C9E-FECA-1BAD-6000-8A0F467CFFC7}.Release|Win32.ActiveCfg = Release|Win32
		{5D240C9E-FECA-1BAD-6000-8A0F467CFFC7}.Release|Win32.Build.0 = Release|Win32
		{5D240C9E-FECA-1BAD-6000-8A0F467CFFC7}.Release|x64.ActiveCfg = Release|x64
		{5D240C9E-FECA-1BAD-6000-8A0F467CFFC7}.Release|x64.Build.0 = Release|x64
		{D2440A1F-FECA-1BAD-6001-8A0F66EDDE47}.Debug|Win32.ActiveCfg = Debug|Win32
		{D2440A1F-FECA-1BAD-6001-8A0F66EDDE47}.Debug|Win32.Build.0 = Debug|Win32
		{D2440A1F-FECA-1BAD-6001-8A0F66EDDE47}.Debug|x64.ActiveCfg = Debug|x64
		{D2440A1F-FECA-1BAD-6001-8A0F66EDDE47}.Debug|x64.Build.0 = Debug|x64
		{D2440A1F-FECA-1BAD-6001-8A0F66EDDE47}.Release|Win32.ActiveCfg = Release|Win32
		{D2440A1F-FECA-1BAD-6001-8A0F66EDDE47}.Release|Win32.Build.0 = Release|Win32
		{D2440A1F-FECA-1BAD-6001-8A0F66EDDE47}.Release|x64.ActiveCfg = Release|x64
		{D2440A1F-FECA-1BAD-6001-8A0F66EDDE47}.Release|x64.Build.0 = Release|x64
		{5D241C9E-FECA-1BAD-6001-8A0F66EDDE47}.Debug|Win32.ActiveCfg = Debug|Win32
		{5D241C9E-FECA-1BAD-6001-8A0F66EDDE47}.Debug|Win32.Build.0 = Debug|Win32
		{5D241C9E-FECA-1BAD-6001-8A0F66EDDE47}.Debug|x64.ActiveCfg = Debug|x64
		{5D241C9E-FECA-1BAD-6001-8A0F66EDDE47}.Debug|x64.Build.0 = Debug|x64
		{5D241C9E-FECA-1BAD-6001-8A0F66EDDE47}.Release|Win32.ActiveCfg = Release|Win32
		{5D241C9E-FECA-1BAD-6001-8A0F66EDDE47}.Release|Win32.Build.0 = Release|Win32
		{5D241C9E-FECA-1BAD-6001-8A0F66EDDE47}.Release|x64.ActiveCfg = Release|x64
		{5D241C9E-FECA-1BAD-6001-8A0F66EDDE47}.Release|x64.Build.0 = Release|x64
		{2BF07ED9-FECA-1BAD-6223-DAF371906421}.Debug|Win32.ActiveCfg = Debug|Win32
		{2BF07ED9-FECA-1BAD-6223-DAF371906421}.Debug|Win32.Build.0 = Debug|Win32
		{2BF07ED9-FECA-1BAD-6223-DAF371906421}.Debug|x64.ActiveCfg = Debug|x64
		{2BF07ED9-FECA-1BAD-6223-DAF371906421}.Debug|x64.Build.0 = Debug|x64
		{2BF07ED9-FECA-1BAD-6223-DAF371906421}.Release|Win32.ActiveCfg = Release|Win32
		{2BF07ED9-FECA-1BAD-6223-DAF371906421}.Release|Win32.Build.0 = Release|Win32
		{2BF07ED9-FECA-1BAD-6223-DAF371906421}.Release|x64.ActiveCfg = Release|x64
		{2BF07ED9-FECA-1BAD-6223-DAF371906421}.Release|x64.Build.0 = Release|x64
		{BF204C9C-FECA-1BAD-6244-8A036423F5D3}.Debug|Win32.ActiveCfg = Debug|Win32
		{BF204C9C-FECA-1BAD-6244-8A036423F5D3}.Debug|Win32.Build.0 = Debug|Win32
		{BF204C9C-FECA-1BAD-6244-8A036423F5D3}.Debug|x64.ActiveCfg = Debug|x64
		{BF204C9C-FECA-1BAD-6244-8A036423F5D3}.Debug|x64.Build.0 = Debug|x64
		{BF204C9C-FECA-1BAD-6244-8A036423F5D3}.Release|Win32.ActiveCfg = Release|Win32
		{BF204C9C-FECA-1BAD-6244-8A036423F5D3}.Release|Win32.Build.0 = Release|Win32
		{BF204C9C-FECA-1BAD-6244-8A036423F5D3}.Release|x64.ActiveCfg = Release|x64
		{BF204C9C-FECA-1BAD-6244-8A036423F5D3}.Release|x64.Build.0 = Release|x64
		{40560BBD-FECA-1BAD-2431-8A1123F3B457}.Debug|Win32.ActiveCfg = Debug|Win32
		{40560BBD-FECA-1BAD-2431-8A1123F3B457}.Debug|Win32.Build.0 = Debug|Win32
		{40560BBD-FECA-1BAD-2431-8A1123F3B457}.Debug|x64.ActiveCfg = Debug|x64
		{40560BBD-FECA-1BAD-2431-8A1123F3B457}.Debug|x64.Build.0 = Debug|x64
		{40560BBD-FECA-1BAD-2431-8A1123F3B457}.Release|Win32.ActiveCfg = Release|Win32
		{40560BBD-FECA-1BAD-2431-8A1123F3B457}.Release|Win32.Build.0 = Release|Win32
		{40560BBD-FECA-1BAD-2431-8A1123F3B457}.Release|x64.ActiveCfg = Release|x64
		{40560BBD-FECA-1BAD-2431-8A1123F3B457}.Release|x64.Build.0 = Release|x64
		{40566CFF-FECA-1BAD-2431-8A1123F3B457}.Debug|Win32.ActiveCfg = Debug|Win32
		{40566CFF-FECA-1BAD-2431-8A1123F3B457}.Debug|Win32.Build.0 = Debug|Win32
		{40566CFF-FECA-1BAD-2431-8A1123F3B457}.Debug|x64.ActiveCfg = Debug|x64
		{40566CFF-FECA-1BAD-2431-8A1123F3B457}.Debug|x64.Build.0 = Debug|x64
		{40566CFF-FECA-1BAD-2431-8A1123F3B457}.Release|Win32.ActiveCfg = Release|Win32
		{40566CFF-FECA-1BAD-2431-8A1123F3B457}.Release|Win32.Build.0 = Release|Win32
		{40566CFF-FECA-1BAD-2431-8A1123F3B457}.Release|x64.ActiveCfg = Release|x64
		{40566CFF-FECA-1BAD-2431-8A1123F3B457}.Release|x64.Build.0 = Release|x64
		{405608EC-FECA-1BAD-2431-8A1123F3B457}.Debug|Win32.ActiveCfg = Debug|Win32
		{405608EC-FECA-1BAD-2431-8A1123F3B457}.Debug|Win32.Build.0 = Debug|Win32
		{405608EC-FECA-1BAD-2431-8A1123F3B457}.Debug|x64.ActiveCfg = Debug|x64
		{405608EC-FECA-1BAD-2431-8A1123F3B457}.Debug|x64.Build.0 = Debug|x64
		{405608EC-FECA-1BAD-2431-8A1123F3B457}.Release|Win32.ActiveCfg = Release|Win32
		{405608EC-FECA-1BAD-2431-8A1123F3B457}.Release|Win32.Build.0 = Release|Win32
		{405608EC-FECA-1BAD-2431-8A1123F3B457}.Release|x64.ActiveCfg = Release|x64
		{405608EC-FECA-1BAD-2431-8A1123F3B457}.Release|x64.Build.0 = Release|x64
		{2C230A65-FECA-1BAD-2431-8A1123F3B457}.Debug|Win32.ActiveCfg = Debug|Win32
		{2C230A65-FECA-1BAD-2431-8A1123F3B457}.Debug|Win32.Build.0 = Debug|Win32
		{2C230A65-FECA-1BAD-2431-8A1123F3B457}.Debug|x64.ActiveCfg = Debug|x64
		{2C230A65-FECA-1BAD-2431-8A1123F3B457}.Debug|x64.Build.0 = Debug|x64
		{2C230A65-FECA-1BAD-2431-8A1123F3B457}.Release|Win32.ActiveCfg = Release|Win32
		{2C230A65-FECA-1BAD-2431-8A1123F3B457}.Release|Win32.Build.0 = Release|Win32
		{2C230A65-FECA-1BAD-2431-8A1123F3B457}.Release|x64.ActiveCfg = Release|x64
		{2C230A65-FECA-1BAD-2431-8A1123F3B457}.Release|x64.Build.0 = Release|x64
		{40566CF5-FECA-1BAD-2431-8A1123F3B457}.Debug|Win32.ActiveCfg = Debug|Win32
		{40566CF5-FECA-1BAD-2431-8A1123F3B457}.Debug|Win32.Build.0 = Debug|Win32
		{40566CF5-FECA-1BAD-2431-8A1123F3B457}.Debug|x64.ActiveCfg = Debug|x64
		{40566CF5-FECA-1BAD-2431-8A1123F3B457}.Debug|x64.Build.0 = Debug|x64
		{40566CF5-FECA-1BAD-2431-8A1123F3B457}.Release|Win32.ActiveCfg = Release|Win32
		{40566CF5-FECA-1BAD-2431-8A1123F3B457}.Release|Win32.Build.0 = Release|Win32
		{40566CF5-FECA-1BAD-2431-8A1123F3B457}.Release|x64.ActiveCfg = Release|x64
		{40566CF5-FECA-1BAD-2431-8A1123F3B457}.Release|x64.Build.0 = Release|x64
		{40566A7F-FECA-1BAD-2431-8A1123F3B457}.Debug|Win32.ActiveCfg = Debug|Win32
		{40566A7F-FECA-1BAD-2431-8A1123F3B457}.Debug|Win32.Build.0 = Debug|Win32
		{40566A7F-FECA-1BAD-2431-8A1123F3B457}.Debug|x64.ActiveCfg = Debug|x64
		{40566A7F-FECA-1BAD-2431-8A1123F3B457}.Debug|x64.Build.0 = Debug|x64
		{40566A7F-FECA-1BAD-2431-8A1123F3B457}.Release|Win32.ActiveCfg = Release|Win32
		{40566A7F-FECA-1BAD-2431-8A1123F3B457}.Release|Win32.Build.0 = Release|Win32
		{40566A7F-FECA-1BAD-2431-8A1123F3B457}.Release|x64.ActiveCfg = Release|x64
		{40566A7F-FECA-1BAD-2431-8A1123F3B457}.Release|x64.Build.0 = Release|x64
		{40566CEC-FECA-1BAD-2431-8A1123F3B457}.Debug|Win32.ActiveCfg = Debug|Win32
		{40566CEC-FECA-1BAD-2431-8A1123F3B457}.Debug|Win32.Build.0 = Debug|Win32
		{40566CEC-FECA-1BAD-2431-8A1123F3B457}.Debug|x64.ActiveCfg = Debug|x64
		{40566CEC-FECA-1BAD-2431-8A1123F3B457}.Debug|x64.Build.0 = Debug|x64
		{40566CEC-FECA-1BAD-2431-8A1123F3B457}.Release|Win32.ActiveCfg = Release|Win32
		{40566CEC-FECA-1BAD-2431-8A1123F3B457}.Release|Win32.Build.0 = Release|Win32
		{40566CEC-FECA-1BAD-2431-8A1123F3B457}.Release|x64.ActiveCfg = Release|x64
		{40566CEC-FECA-1BAD-2431-8A1123F3B457}.Release|x64.Build.0 = Release|x64
		{40561BD9-FECA-1BAD-2431-8A1123F3B457}.Debug|Win32.ActiveCfg = Debug|Win32
		{40561BD9-FECA-1BAD-2431-8A1123F3B457}.Debug|Win32.Build.0 = Debug|Win32
		{40561BD9-FECA-1BAD-2431-8A1123F3B457}.Debug|x64.ActiveCfg = Debug|x64
		{40561BD9-FECA-1BAD-2431-8A1123F3B457}.Debug|x64.Build.0 = Debug|x64
		{40561BD9-FECA-1BAD-2431-8A1123F3B457}.Release|Win32.ActiveCfg = Release|Win32
		{40561BD9-FECA-1BAD-2431-8A1123F3B457}.Release|Win32.Build.0 = Release|Win32
		{40561BD9-FECA-1BAD-2431-8A1123F3B457}.Release|x64.ActiveCfg = Release|x64
		{40561BD9-FECA-1BAD-2431-8A1123F3B457}.Release|x64.Build.0 = Release|x64
		{40561EE3-FECA-1BAD-2431-8A1123F3B457}.Debug|Win32.ActiveCfg = Debug|Win32
		{40561EE3-FECA-1BAD-2431-8A1123F3B457}.Debug|Win32.Build.0 = Debug|Win32
		{40561EE3-FECA-1BAD-2431-8A1123F3B457}.Debug|x64.ActiveCfg = Debug|x64
		{40561EE3-FECA-1BAD-2431-8A1123F3B457}.Debug|x64.Build.0 = Debug|x64
		{40561EE3-FECA-1BAD-2431-8A1123F3B457}.Release|Win32.ActiveCfg = Release|Win32
		{40561EE3-FECA-1BAD-2431-8A1123F3B457}.Release|Win32.Build.0 = Release|Win32
		{40561EE3-FECA-1BAD-2431-8A1123F3B457}.Release|x64.ActiveCfg = Release|x64
		{40561EE3-FECA-1BAD-2431-8A1123F3B457}.Release|x64.Build.0 = Release|x64
		{40566CE8-FECA-1BAD-2431-8A1123F3B457}.Debug|Win32.ActiveCfg = Debug|Win32
		{40566CE8-FECA-1BAD-2431-8A1123F3B457}.Debug|Win32.Build.0 = Debug|Win32
		{40566CE8-FECA-1BAD-2431-8A1123F3B457}.Debug|x64.ActiveCfg = Debug|x64
		{40566CE8-FECA-1BAD-2431-8A1123F3B457}.Debug|x64.Build.0 = Debug|x64
		{40566CE8-FECA-1BAD-2431-8A1123F3B457}.Release|Win32.ActiveCfg = Release|Win32
		{40566CE8-FECA-1BAD-2431-8A1123F3B457}.Release|Win32.Build.0 = Release|Win32
		{40566CE8-FECA-1BAD-2431-8A1123F3B457}.Release|x64.ActiveCfg = Release|x64
		{40566CE8-FECA-1BAD-2431-8A1123F3B457}.Release|x64.Build.0 = Release|x64
		{FA10B1DE-FECA-1BAD-314B-5E27D22340B9}.Debug|Win32.ActiveCfg = Debug|Win32
		{FA10B1DE-FECA-1BAD-314B-5E27D22340B9}.Debug|Win32.Build.0 = Debug|Win32
		{FA10B1DE-FECA-1BAD-314B-5E27D22340B9}.Debug|x64.ActiveCfg = Debug|x64
		{FA10B1DE-FECA-1BAD-314B-5E27D22340B9}.Debug|x64.Build.0 = Debug|x64
		{FA10B1DE-FECA-1BAD-314B-5E27D22340B9}.Release|Win32.ActiveCfg = Release|Win32
		{FA10B1DE-FECA-1BAD-314B-5E27D22340B9}.Release|Win32.Build.0 = Release|Win32
		{FA10B1DE-FECA-1BAD-314B-5E27D22340B9}.Release|x64.ActiveCfg = Release|x64
		{FA10B1DE-FECA-1BAD-314B-5E27D22340B9}.Release|x64.Build.0 = Release|x64
		{8A31091E-FECA-1BAD-3350-D2205825444D}.Debug|Win32.ActiveCfg = Debug|Win32
		{8A31091E-FECA-1BAD-3350-D2205825444D}.Debug|Win32.Build.0 = Debug|Win32
		{8A31091E-FECA-1BAD-3350-D2205825444D}.Debug|x64.ActiveCfg = Debug|x64
		{8A31091E-FECA-1BAD-3350-D2205825444D}.Debug|x64.Build.0 = Debug|x64
		{8A31091E-FECA-1BAD-3350-D2205825444D}.Release|Win32.ActiveCfg = Release|Win32
		{8A31091E-FECA-1BAD-3350-D2205825444D}.Release|Win32.Build.0 = Release|Win32
		{8A31091E-FECA-1BAD-3350-D2205825444D}.Release|x64.ActiveCfg = Release|x64
		{8A31091E-FECA-1BAD-3350-D2205825444D}.Release|x64.Build.0 = Release|x64
	EndGlobalSection
	GlobalSection(SolutionProperties) = preSolution
		HideSolutionNode = FALSE
	EndGlobalSection
EndGlobal
