<?xml version="1.0" encoding="utf-8"?>
<Project ToolsVersion="4.0" xmlns="http://schemas.microsoft.com/developer/msbuild/2003">
  <ItemGroup>
    <Filter Include="Doc Files">
      <UniqueIdentifier>{effa28bb-96bc-4993-9585-b693f1b43fed}</UniqueIdentifier>
    </Filter>
    <Filter Include="Header Files">
      <UniqueIdentifier>{7286f457-bd1b-48bb-a3db-f0578efc1599}</UniqueIdentifier>
    </Filter>
    <Filter Include="Source Files">
      <UniqueIdentifier>{d600e869-3d0d-4e8c-a7a1-3d8e197a2221}</UniqueIdentifier>
    </Filter>
    <Filter Include="Source Files\adpcm">
      <UniqueIdentifier>{ebdeaea5-c32f-45d5-8f90-3eaa095c6718}</UniqueIdentifier>
    </Filter>
    <Filter Include="Source Files\bzip2">
      <UniqueIdentifier>{7dec5e6c-4b3a-4b2e-a101-be989834099d}</UniqueIdentifier>
    </Filter>
    <Filter Include="Source Files\huffman">
      <UniqueIdentifier>{1bfbfc3e-5dc4-4b0c-854b-e89d6640a2fc}</UniqueIdentifier>
    </Filter>
    <Filter Include="Source Files\libtomcrypt">
      <UniqueIdentifier>{47adf465-3887-4876-bf83-d37b4a985aaa}</UniqueIdentifier>
    </Filter>
    <Filter Include="Source Files\libtomcrypt\hashes">
      <UniqueIdentifier>{790545bb-38f9-4912-bbe3-12df58f4baa5}</UniqueIdentifier>
    </Filter>
    <Filter Include="Source Files\libtomcrypt\math">
      <UniqueIdentifier>{94bebdeb-9e41-4035-86f0-7f6ae11e2554}</UniqueIdentifier>
    </Filter>
    <Filter Include="Source Files\libtomcrypt\misc">
      <UniqueIdentifier>{ede5853a-1e68-4ece-a685-92c8332c3f14}</UniqueIdentifier>
    </Filter>
    <Filter Include="Source Files\libtomcrypt\pk">
      <UniqueIdentifier>{a51db59f-9173-4695-a630-f0cd4a681a01}</UniqueIdentifier>
    </Filter>
    <Filter Include="Source Files\libtomcrypt\pk\asn1">
      <UniqueIdentifier>{c031a94e-2744-4a55-8816-ace1bf00100b}</UniqueIdentifier>
    </Filter>
    <Filter Include="Source Files\libtomcrypt\pk\ecc">
      <UniqueIdentifier>{2f21719f-6b7b-4030-8ecf-3d78c206aeed}</UniqueIdentifier>
    </Filter>
    <Filter Include="Source Files\libtomcrypt\pk\pkcs1">
      <UniqueIdentifier>{78e6bf7d-7caf-4e0f-a6fb-6b47a29829e2}</UniqueIdentifier>
    </Filter>
    <Filter Include="Source Files\libtomcrypt\pk\rsa">
      <UniqueIdentifier>{cc4ee160-f0fc-4b20-b407-321a736eef53}</UniqueIdentifier>
    </Filter>
    <Filter Include="Source Files\libtommath">
      <UniqueIdentifier>{6e6e1703-0f73-4c7f-8ec7-43e54dc41686}</UniqueIdentifier>
    </Filter>
    <Filter Include="Source Files\lzma">
      <UniqueIdentifier>{1ca211be-0681-4c87-a79f-a0d642e712b4}</UniqueIdentifier>
    </Filter>
    <Filter Include="Source Files\pklib">
      <UniqueIdentifier>{528999a0-8a83-4e92-8464-def8777926e9}</UniqueIdentifier>
    </Filter>
    <Filter Include="Source Files\sparse">
      <UniqueIdentifier>{13b274dc-aaf6-464c-ab6a-ce8043d293d7}</UniqueIdentifier>
    </Filter>
    <Filter Include="Source Files\zlib">
      <UniqueIdentifier>{4e915cd1-6776-4950-af15-16692935d179}</UniqueIdentifier>
    </Filter>
    <Filter Include="Source Files\jenkins">
      <UniqueIdentifier>{9e077595-7d70-423c-90ce-aa5ec68eac06}</UniqueIdentifier>
    </Filter>
  </ItemGroup>
  <ItemGroup>
    <None Include="doc\History.txt">
      <Filter>Doc Files</Filter>
    </None>
    <None Include="doc\The MoPaQ File Format 0.9.txt">
      <Filter>Doc Files</Filter>
    </None>
    <None Include="doc\The MoPaQ File Format 1.0.txt">
      <Filter>Doc Files</Filter>
    </None>
  </ItemGroup>
  <ItemGroup>
    <ClInclude Include="src\StormCommon.h">
      <Filter>Header Files</Filter>
    </ClInclude>
    <ClInclude Include="src\StormLib.h">
      <Filter>Header Files</Filter>
    </ClInclude>
    <ClInclude Include="src\StormPort.h">
      <Filter>Header Files</Filter>
    </ClInclude>
    <ClInclude Include="src\adpcm\adpcm.h">
      <Filter>Source Files\adpcm</Filter>
    </ClInclude>
    <ClInclude Include="src\huffman\huff.h">
      <Filter>Source Files\huffman</Filter>
    </ClInclude>
    <ClInclude Include="src\pklib\pklib.h">
      <Filter>Source Files\pklib</Filter>
    </ClInclude>
    <ClInclude Include="src\sparse\sparse.h">
      <Filter>Source Files\sparse</Filter>
    </ClInclude>
    <ClInclude Include="src\jenkins\lookup.h">
      <Filter>Source Files\jenkins</Filter>
    </ClInclude>
  </ItemGroup>
  <ItemGroup>
    <ClCompile Include="src\FileStream.cpp">
      <Filter>Source Files</Filter>
    </ClCompile>
    <ClCompile Include="src\SBaseCommon.cpp">
      <Filter>Source Files</Filter>
    </ClCompile>
    <ClCompile Include="src\SBaseFileTable.cpp">
      <Filter>Source Files</Filter>
    </ClCompile>
    <ClCompile Include="src\SCompression.cpp">
      <Filter>Source Files</Filter>
    </ClCompile>
    <ClCompile Include="src\SFileAddFile.cpp">
      <Filter>Source Files</Filter>
    </ClCompile>
    <ClCompile Include="src\SFileAttributes.cpp">
      <Filter>Source Files</Filter>
    </ClCompile>
    <ClCompile Include="src\SFileCompactArchive.cpp">
      <Filter>Source Files</Filter>
    </ClCompile>
    <ClCompile Include="src\SFileCreateArchive.cpp">
      <Filter>Source Files</Filter>
    </ClCompile>
    <ClCompile Include="src\SFileExtractFile.cpp">
      <Filter>Source Files</Filter>
    </ClCompile>
    <ClCompile Include="src\SFileFindFile.cpp">
      <Filter>Source Files</Filter>
    </ClCompile>
    <ClCompile Include="src\SFileListFile.cpp">
      <Filter>Source Files</Filter>
    </ClCompile>
    <ClCompile Include="src\SFileOpenArchive.cpp">
      <Filter>Source Files</Filter>
    </ClCompile>
    <ClCompile Include="src\SFileOpenFileEx.cpp">
      <Filter>Source Files</Filter>
    </ClCompile>
    <ClCompile Include="src\SFilePatchArchives.cpp">
      <Filter>Source Files</Filter>
    </ClCompile>
    <ClCompile Include="src\SFileReadFile.cpp">
      <Filter>Source Files</Filter>
    </ClCompile>
    <ClCompile Include="src\SFileVerify.cpp">
      <Filter>Source Files</Filter>
    </ClCompile>
    <ClCompile Include="src\adpcm\adpcm.cpp">
      <Filter>Source Files\adpcm</Filter>
    </ClCompile>
    <ClCompile Include="src\bzip2\blocksort.c">
      <Filter>Source Files\bzip2</Filter>
    </ClCompile>
    <ClCompile Include="src\bzip2\bzlib.c">
      <Filter>Source Files\bzip2</Filter>
    </ClCompile>
    <ClCompile Include="src\bzip2\compress.c">
      <Filter>Source Files\bzip2</Filter>
    </ClCompile>
    <ClCompile Include="src\bzip2\crctable.c">
      <Filter>Source Files\bzip2</Filter>
    </ClCompile>
    <ClCompile Include="src\bzip2\decompress.c">
      <Filter>Source Files\bzip2</Filter>
    </ClCompile>
    <ClCompile Include="src\bzip2\huffman.c">
      <Filter>Source Files\bzip2</Filter>
    </ClCompile>
    <ClCompile Include="src\bzip2\randtable.c">
      <Filter>Source Files\bzip2</Filter>
    </ClCompile>
    <ClCompile Include="src\huffman\huff.cpp">
      <Filter>Source Files\huffman</Filter>
    </ClCompile>
    <ClCompile Include="src\libtomcrypt\src\hashes\hash_memory.c">
      <Filter>Source Files\libtomcrypt\hashes</Filter>
    </ClCompile>
    <ClCompile Include="src\libtomcrypt\src\hashes\md5.c">
      <Filter>Source Files\libtomcrypt\hashes</Filter>
    </ClCompile>
    <ClCompile Include="src\libtomcrypt\src\hashes\sha1.c">
      <Filter>Source Files\libtomcrypt\hashes</Filter>
    </ClCompile>
    <ClCompile Include="src\libtomcrypt\src\math\ltm_desc.c">
      <Filter>Source Files\libtomcrypt\math</Filter>
    </ClCompile>
    <ClCompile Include="src\libtomcrypt\src\math\multi.c">
      <Filter>Source Files\libtomcrypt\math</Filter>
    </ClCompile>
    <ClCompile Include="src\libtomcrypt\src\math\rand_prime.c">
      <Filter>Source Files\libtomcrypt\math</Filter>
    </ClCompile>
    <ClCompile Include="src\libtomcrypt\src\misc\base64_decode.c">
      <Filter>Source Files\libtomcrypt\misc</Filter>
    </ClCompile>
    <ClCompile Include="src\libtomcrypt\src\misc\crypt_argchk.c">
      <Filter>Source Files\libtomcrypt\misc</Filter>
    </ClCompile>
    <ClCompile Include="src\libtomcrypt\src\misc\crypt_find_hash.c">
      <Filter>Source Files\libtomcrypt\misc</Filter>
    </ClCompile>
    <ClCompile Include="src\libtomcrypt\src\misc\crypt_find_prng.c">
      <Filter>Source Files\libtomcrypt\misc</Filter>
    </ClCompile>
    <ClCompile Include="src\libtomcrypt\src\misc\crypt_hash_descriptor.c">
      <Filter>Source Files\libtomcrypt\misc</Filter>
    </ClCompile>
    <ClCompile Include="src\libtomcrypt\src\misc\crypt_hash_is_valid.c">
      <Filter>Source Files\libtomcrypt\misc</Filter>
    </ClCompile>
    <ClCompile Include="src\libtomcrypt\src\misc\crypt_libc.c">
      <Filter>Source Files\libtomcrypt\misc</Filter>
    </ClCompile>
    <ClCompile Include="src\libtomcrypt\src\misc\crypt_ltc_mp_descriptor.c">
      <Filter>Source Files\libtomcrypt\misc</Filter>
    </ClCompile>
    <ClCompile Include="src\libtomcrypt\src\misc\crypt_prng_descriptor.c">
      <Filter>Source Files\libtomcrypt\misc</Filter>
    </ClCompile>
    <ClCompile Include="src\libtomcrypt\src\misc\crypt_prng_is_valid.c">
      <Filter>Source Files\libtomcrypt\misc</Filter>
    </ClCompile>
    <ClCompile Include="src\libtomcrypt\src\misc\crypt_register_hash.c">
      <Filter>Source Files\libtomcrypt\misc</Filter>
    </ClCompile>
    <ClCompile Include="src\libtomcrypt\src\misc\crypt_register_prng.c">
      <Filter>Source Files\libtomcrypt\misc</Filter>
    </ClCompile>
    <ClCompile Include="src\libtomcrypt\src\misc\zeromem.c">
      <Filter>Source Files\libtomcrypt\misc</Filter>
    </ClCompile>
    <ClCompile Include="src\libtomcrypt\src\pk\asn1\der_decode_bit_string.c">
      <Filter>Source Files\libtomcrypt\pk\asn1</Filter>
    </ClCompile>
    <ClCompile Include="src\libtomcrypt\src\pk\asn1\der_decode_boolean.c">
      <Filter>Source Files\libtomcrypt\pk\asn1</Filter>
    </ClCompile>
    <ClCompile Include="src\libtomcrypt\src\pk\asn1\der_decode_choice.c">
      <Filter>Source Files\libtomcrypt\pk\asn1</Filter>
    </ClCompile>
    <ClCompile Include="src\libtomcrypt\src\pk\asn1\der_decode_ia5_string.c">
      <Filter>Source Files\libtomcrypt\pk\asn1</Filter>
    </ClCompile>
    <ClCompile Include="src\libtomcrypt\src\pk\asn1\der_decode_integer.c">
      <Filter>Source Files\libtomcrypt\pk\asn1</Filter>
    </ClCompile>
    <ClCompile Include="src\libtomcrypt\src\pk\asn1\der_decode_object_identifier.c">
      <Filter>Source Files\libtomcrypt\pk\asn1</Filter>
    </ClCompile>
    <ClCompile Include="src\libtomcrypt\src\pk\asn1\der_decode_octet_string.c">
      <Filter>Source Files\libtomcrypt\pk\asn1</Filter>
    </ClCompile>
    <ClCompile Include="src\libtomcrypt\src\pk\asn1\der_decode_printable_string.c">
      <Filter>Source Files\libtomcrypt\pk\asn1</Filter>
    </ClCompile>
    <ClCompile Include="src\libtomcrypt\src\pk\asn1\der_decode_sequence_ex.c">
      <Filter>Source Files\libtomcrypt\pk\asn1</Filter>
    </ClCompile>
    <ClCompile Include="src\libtomcrypt\src\pk\asn1\der_decode_sequence_flexi.c">
      <Filter>Source Files\libtomcrypt\pk\asn1</Filter>
    </ClCompile>
    <ClCompile Include="src\libtomcrypt\src\pk\asn1\der_decode_sequence_multi.c">
      <Filter>Source Files\libtomcrypt\pk\asn1</Filter>
    </ClCompile>
    <ClCompile Include="src\libtomcrypt\src\pk\asn1\der_decode_short_integer.c">
      <Filter>Source Files\libtomcrypt\pk\asn1</Filter>
    </ClCompile>
    <ClCompile Include="src\libtomcrypt\src\pk\asn1\der_decode_utctime.c">
      <Filter>Source Files\libtomcrypt\pk\asn1</Filter>
    </ClCompile>
    <ClCompile Include="src\libtomcrypt\src\pk\asn1\der_decode_utf8_string.c">
      <Filter>Source Files\libtomcrypt\pk\asn1</Filter>
    </ClCompile>
    <ClCompile Include="src\libtomcrypt\src\pk\asn1\der_length_bit_string.c">
      <Filter>Source Files\libtomcrypt\pk\asn1</Filter>
    </ClCompile>
    <ClCompile Include="src\libtomcrypt\src\pk\asn1\der_length_boolean.c">
      <Filter>Source Files\libtomcrypt\pk\asn1</Filter>
    </ClCompile>
    <ClCompile Include="src\libtomcrypt\src\pk\asn1\der_length_ia5_string.c">
      <Filter>Source Files\libtomcrypt\pk\asn1</Filter>
    </ClCompile>
    <ClCompile Include="src\libtomcrypt\src\pk\asn1\der_length_integer.c">
      <Filter>Source Files\libtomcrypt\pk\asn1</Filter>
    </ClCompile>
    <ClCompile Include="src\libtomcrypt\src\pk\asn1\der_length_object_identifier.c">
      <Filter>Source Files\libtomcrypt\pk\asn1</Filter>
    </ClCompile>
    <ClCompile Include="src\libtomcrypt\src\pk\asn1\der_length_octet_string.c">
      <Filter>Source Files\libtomcrypt\pk\asn1</Filter>
    </ClCompile>
    <ClCompile Include="src\libtomcrypt\src\pk\asn1\der_length_printable_string.c">
      <Filter>Source Files\libtomcrypt\pk\asn1</Filter>
    </ClCompile>
    <ClCompile Include="src\libtomcrypt\src\pk\asn1\der_length_sequence.c">
      <Filter>Source Files\libtomcrypt\pk\asn1</Filter>
    </ClCompile>
    <ClCompile Include="src\libtomcrypt\src\pk\asn1\der_length_short_integer.c">
      <Filter>Source Files\libtomcrypt\pk\asn1</Filter>
    </ClCompile>
    <ClCompile Include="src\libtomcrypt\src\pk\asn1\der_length_utctime.c">
      <Filter>Source Files\libtomcrypt\pk\asn1</Filter>
    </ClCompile>
    <ClCompile Include="src\libtomcrypt\src\pk\asn1\der_length_utf8_string.c">
      <Filter>Source Files\libtomcrypt\pk\asn1</Filter>
    </ClCompile>
    <ClCompile Include="src\libtomcrypt\src\pk\asn1\der_sequence_free.c">
      <Filter>Source Files\libtomcrypt\pk\asn1</Filter>
    </ClCompile>
    <ClCompile Include="src\libtomcrypt\src\pk\ecc\ltc_ecc_map.c">
      <Filter>Source Files\libtomcrypt\pk\ecc</Filter>
    </ClCompile>
    <ClCompile Include="src\libtomcrypt\src\pk\ecc\ltc_ecc_mul2add.c">
      <Filter>Source Files\libtomcrypt\pk\ecc</Filter>
    </ClCompile>
    <ClCompile Include="src\libtomcrypt\src\pk\ecc\ltc_ecc_mulmod.c">
      <Filter>Source Files\libtomcrypt\pk\ecc</Filter>
    </ClCompile>
    <ClCompile Include="src\libtomcrypt\src\pk\ecc\ltc_ecc_points.c">
      <Filter>Source Files\libtomcrypt\pk\ecc</Filter>
    </ClCompile>
    <ClCompile Include="src\libtomcrypt\src\pk\ecc\ltc_ecc_projective_add_point.c">
      <Filter>Source Files\libtomcrypt\pk\ecc</Filter>
    </ClCompile>
    <ClCompile Include="src\libtomcrypt\src\pk\ecc\ltc_ecc_projective_dbl_point.c">
      <Filter>Source Files\libtomcrypt\pk\ecc</Filter>
    </ClCompile>
    <ClCompile Include="src\libtomcrypt\src\pk\pkcs1\pkcs_1_mgf1.c">
      <Filter>Source Files\libtomcrypt\pk\pkcs1</Filter>
    </ClCompile>
    <ClCompile Include="src\libtomcrypt\src\pk\pkcs1\pkcs_1_oaep_decode.c">
      <Filter>Source Files\libtomcrypt\pk\pkcs1</Filter>
    </ClCompile>
    <ClCompile Include="src\libtomcrypt\src\pk\pkcs1\pkcs_1_pss_decode.c">
      <Filter>Source Files\libtomcrypt\pk\pkcs1</Filter>
    </ClCompile>
    <ClCompile Include="src\libtomcrypt\src\pk\pkcs1\pkcs_1_v1_5_decode.c">
      <Filter>Source Files\libtomcrypt\pk\pkcs1</Filter>
    </ClCompile>
    <ClCompile Include="src\libtomcrypt\src\pk\rsa\rsa_exptmod.c">
      <Filter>Source Files\libtomcrypt\pk\rsa</Filter>
    </ClCompile>
    <ClCompile Include="src\libtomcrypt\src\pk\rsa\rsa_free.c">
      <Filter>Source Files\libtomcrypt\pk\rsa</Filter>
    </ClCompile>
    <ClCompile Include="src\libtomcrypt\src\pk\rsa\rsa_import.c">
      <Filter>Source Files\libtomcrypt\pk\rsa</Filter>
    </ClCompile>
    <ClCompile Include="src\libtomcrypt\src\pk\rsa\rsa_make_key.c">
      <Filter>Source Files\libtomcrypt\pk\rsa</Filter>
    </ClCompile>
    <ClCompile Include="src\libtomcrypt\src\pk\rsa\rsa_verify_hash.c">
      <Filter>Source Files\libtomcrypt\pk\rsa</Filter>
    </ClCompile>
    <ClCompile Include="src\libtomcrypt\src\pk\rsa\rsa_verify_simple.c">
      <Filter>Source Files\libtomcrypt\pk\rsa</Filter>
    </ClCompile>
    <ClCompile Include="src\libtommath\bn_fast_mp_invmod.c">
      <Filter>Source Files\libtommath</Filter>
    </ClCompile>
    <ClCompile Include="src\libtommath\bn_fast_mp_montgomery_reduce.c">
      <Filter>Source Files\libtommath</Filter>
    </ClCompile>
    <ClCompile Include="src\libtommath\bn_fast_s_mp_mul_digs.c">
      <Filter>Source Files\libtommath</Filter>
    </ClCompile>
    <ClCompile Include="src\libtommath\bn_fast_s_mp_mul_high_digs.c">
      <Filter>Source Files\libtommath</Filter>
    </ClCompile>
    <ClCompile Include="src\libtommath\bn_fast_s_mp_sqr.c">
      <Filter>Source Files\libtommath</Filter>
    </ClCompile>
    <ClCompile Include="src\libtommath\bn_mp_2expt.c">
      <Filter>Source Files\libtommath</Filter>
    </ClCompile>
    <ClCompile Include="src\libtommath\bn_mp_abs.c">
      <Filter>Source Files\libtommath</Filter>
    </ClCompile>
    <ClCompile Include="src\libtommath\bn_mp_add.c">
      <Filter>Source Files\libtommath</Filter>
    </ClCompile>
    <ClCompile Include="src\libtommath\bn_mp_add_d.c">
      <Filter>Source Files\libtommath</Filter>
    </ClCompile>
    <ClCompile Include="src\libtommath\bn_mp_addmod.c">
      <Filter>Source Files\libtommath</Filter>
    </ClCompile>
    <ClCompile Include="src\libtommath\bn_mp_and.c">
      <Filter>Source Files\libtommath</Filter>
    </ClCompile>
    <ClCompile Include="src\libtommath\bn_mp_clamp.c">
      <Filter>Source Files\libtommath</Filter>
    </ClCompile>
    <ClCompile Include="src\libtommath\bn_mp_clear.c">
      <Filter>Source Files\libtommath</Filter>
    </ClCompile>
    <ClCompile Include="src\libtommath\bn_mp_clear_multi.c">
      <Filter>Source Files\libtommath</Filter>
    </ClCompile>
    <ClCompile Include="src\libtommath\bn_mp_cmp.c">
      <Filter>Source Files\libtommath</Filter>
    </ClCompile>
    <ClCompile Include="src\libtommath\bn_mp_cmp_d.c">
      <Filter>Source Files\libtommath</Filter>
    </ClCompile>
    <ClCompile Include="src\libtommath\bn_mp_cmp_mag.c">
      <Filter>Source Files\libtommath</Filter>
    </ClCompile>
    <ClCompile Include="src\libtommath\bn_mp_cnt_lsb.c">
      <Filter>Source Files\libtommath</Filter>
    </ClCompile>
    <ClCompile Include="src\libtommath\bn_mp_copy.c">
      <Filter>Source Files\libtommath</Filter>
    </ClCompile>
    <ClCompile Include="src\libtommath\bn_mp_count_bits.c">
      <Filter>Source Files\libtommath</Filter>
    </ClCompile>
    <ClCompile Include="src\libtommath\bn_mp_div.c">
      <Filter>Source Files\libtommath</Filter>
    </ClCompile>
    <ClCompile Include="src\libtommath\bn_mp_div_2.c">
      <Filter>Source Files\libtommath</Filter>
    </ClCompile>
    <ClCompile Include="src\libtommath\bn_mp_div_2d.c">
      <Filter>Source Files\libtommath</Filter>
    </ClCompile>
    <ClCompile Include="src\libtommath\bn_mp_div_3.c">
      <Filter>Source Files\libtommath</Filter>
    </ClCompile>
    <ClCompile Include="src\libtommath\bn_mp_div_d.c">
      <Filter>Source Files\libtommath</Filter>
    </ClCompile>
    <ClCompile Include="src\libtommath\bn_mp_dr_is_modulus.c">
      <Filter>Source Files\libtommath</Filter>
    </ClCompile>
    <ClCompile Include="src\libtommath\bn_mp_dr_reduce.c">
      <Filter>Source Files\libtommath</Filter>
    </ClCompile>
    <ClCompile Include="src\libtommath\bn_mp_dr_setup.c">
      <Filter>Source Files\libtommath</Filter>
    </ClCompile>
    <ClCompile Include="src\libtommath\bn_mp_exch.c">
      <Filter>Source Files\libtommath</Filter>
    </ClCompile>
    <ClCompile Include="src\libtommath\bn_mp_expt_d.c">
      <Filter>Source Files\libtommath</Filter>
    </ClCompile>
    <ClCompile Include="src\libtommath\bn_mp_exptmod.c">
      <Filter>Source Files\libtommath</Filter>
    </ClCompile>
    <ClCompile Include="src\libtommath\bn_mp_exptmod_fast.c">
      <Filter>Source Files\libtommath</Filter>
    </ClCompile>
    <ClCompile Include="src\libtommath\bn_mp_exteuclid.c">
      <Filter>Source Files\libtommath</Filter>
    </ClCompile>
    <ClCompile Include="src\libtommath\bn_mp_fread.c">
      <Filter>Source Files\libtommath</Filter>
    </ClCompile>
    <ClCompile Include="src\libtommath\bn_mp_fwrite.c">
      <Filter>Source Files\libtommath</Filter>
    </ClCompile>
    <ClCompile Include="src\libtommath\bn_mp_gcd.c">
      <Filter>Source Files\libtommath</Filter>
    </ClCompile>
    <ClCompile Include="src\libtommath\bn_mp_get_int.c">
      <Filter>Source Files\libtommath</Filter>
    </ClCompile>
    <ClCompile Include="src\libtommath\bn_mp_grow.c">
      <Filter>Source Files\libtommath</Filter>
    </ClCompile>
    <ClCompile Include="src\libtommath\bn_mp_init.c">
      <Filter>Source Files\libtommath</Filter>
    </ClCompile>
    <ClCompile Include="src\libtommath\bn_mp_init_copy.c">
      <Filter>Source Files\libtommath</Filter>
    </ClCompile>
    <ClCompile Include="src\libtommath\bn_mp_init_multi.c">
      <Filter>Source Files\libtommath</Filter>
    </ClCompile>
    <ClCompile Include="src\libtommath\bn_mp_init_set.c">
      <Filter>Source Files\libtommath</Filter>
    </ClCompile>
    <ClCompile Include="src\libtommath\bn_mp_init_set_int.c">
      <Filter>Source Files\libtommath</Filter>
    </ClCompile>
    <ClCompile Include="src\libtommath\bn_mp_init_size.c">
      <Filter>Source Files\libtommath</Filter>
    </ClCompile>
    <ClCompile Include="src\libtommath\bn_mp_invmod.c">
      <Filter>Source Files\libtommath</Filter>
    </ClCompile>
    <ClCompile Include="src\libtommath\bn_mp_invmod_slow.c">
      <Filter>Source Files\libtommath</Filter>
    </ClCompile>
    <ClCompile Include="src\libtommath\bn_mp_is_square.c">
      <Filter>Source Files\libtommath</Filter>
    </ClCompile>
    <ClCompile Include="src\libtommath\bn_mp_jacobi.c">
      <Filter>Source Files\libtommath</Filter>
    </ClCompile>
    <ClCompile Include="src\libtommath\bn_mp_karatsuba_mul.c">
      <Filter>Source Files\libtommath</Filter>
    </ClCompile>
    <ClCompile Include="src\libtommath\bn_mp_karatsuba_sqr.c">
      <Filter>Source Files\libtommath</Filter>
    </ClCompile>
    <ClCompile Include="src\libtommath\bn_mp_lcm.c">
      <Filter>Source Files\libtommath</Filter>
    </ClCompile>
    <ClCompile Include="src\libtommath\bn_mp_lshd.c">
      <Filter>Source Files\libtommath</Filter>
    </ClCompile>
    <ClCompile Include="src\libtommath\bn_mp_mod.c">
      <Filter>Source Files\libtommath</Filter>
    </ClCompile>
    <ClCompile Include="src\libtommath\bn_mp_mod_2d.c">
      <Filter>Source Files\libtommath</Filter>
    </ClCompile>
    <ClCompile Include="src\libtommath\bn_mp_mod_d.c">
      <Filter>Source Files\libtommath</Filter>
    </ClCompile>
    <ClCompile Include="src\libtommath\bn_mp_montgomery_calc_normalization.c">
      <Filter>Source Files\libtommath</Filter>
    </ClCompile>
    <ClCompile Include="src\libtommath\bn_mp_montgomery_reduce.c">
      <Filter>Source Files\libtommath</Filter>
    </ClCompile>
    <ClCompile Include="src\libtommath\bn_mp_montgomery_setup.c">
      <Filter>Source Files\libtommath</Filter>
    </ClCompile>
    <ClCompile Include="src\libtommath\bn_mp_mul.c">
      <Filter>Source Files\libtommath</Filter>
    </ClCompile>
    <ClCompile Include="src\libtommath\bn_mp_mul_2.c">
      <Filter>Source Files\libtommath</Filter>
    </ClCompile>
    <ClCompile Include="src\libtommath\bn_mp_mul_2d.c">
      <Filter>Source Files\libtommath</Filter>
    </ClCompile>
    <ClCompile Include="src\libtommath\bn_mp_mul_d.c">
      <Filter>Source Files\libtommath</Filter>
    </ClCompile>
    <ClCompile Include="src\libtommath\bn_mp_mulmod.c">
      <Filter>Source Files\libtommath</Filter>
    </ClCompile>
    <ClCompile Include="src\libtommath\bn_mp_n_root.c">
      <Filter>Source Files\libtommath</Filter>
    </ClCompile>
    <ClCompile Include="src\libtommath\bn_mp_neg.c">
      <Filter>Source Files\libtommath</Filter>
    </ClCompile>
    <ClCompile Include="src\libtommath\bn_mp_or.c">
      <Filter>Source Files\libtommath</Filter>
    </ClCompile>
    <ClCompile Include="src\libtommath\bn_mp_prime_fermat.c">
      <Filter>Source Files\libtommath</Filter>
    </ClCompile>
    <ClCompile Include="src\libtommath\bn_mp_prime_is_divisible.c">
      <Filter>Source Files\libtommath</Filter>
    </ClCompile>
    <ClCompile Include="src\libtommath\bn_mp_prime_is_prime.c">
      <Filter>Source Files\libtommath</Filter>
    </ClCompile>
    <ClCompile Include="src\libtommath\bn_mp_prime_miller_rabin.c">
      <Filter>Source Files\libtommath</Filter>
    </ClCompile>
    <ClCompile Include="src\libtommath\bn_mp_prime_next_prime.c">
      <Filter>Source Files\libtommath</Filter>
    </ClCompile>
    <ClCompile Include="src\libtommath\bn_mp_prime_rabin_miller_trials.c">
      <Filter>Source Files\libtommath</Filter>
    </ClCompile>
    <ClCompile Include="src\libtommath\bn_mp_prime_random_ex.c">
      <Filter>Source Files\libtommath</Filter>
    </ClCompile>
    <ClCompile Include="src\libtommath\bn_mp_radix_size.c">
      <Filter>Source Files\libtommath</Filter>
    </ClCompile>
    <ClCompile Include="src\libtommath\bn_mp_radix_smap.c">
      <Filter>Source Files\libtommath</Filter>
    </ClCompile>
    <ClCompile Include="src\libtommath\bn_mp_rand.c">
      <Filter>Source Files\libtommath</Filter>
    </ClCompile>
    <ClCompile Include="src\libtommath\bn_mp_read_radix.c">
      <Filter>Source Files\libtommath</Filter>
    </ClCompile>
    <ClCompile Include="src\libtommath\bn_mp_read_signed_bin.c">
      <Filter>Source Files\libtommath</Filter>
    </ClCompile>
    <ClCompile Include="src\libtommath\bn_mp_read_unsigned_bin.c">
      <Filter>Source Files\libtommath</Filter>
    </ClCompile>
    <ClCompile Include="src\libtommath\bn_mp_reduce.c">
      <Filter>Source Files\libtommath</Filter>
    </ClCompile>
    <ClCompile Include="src\libtommath\bn_mp_reduce_2k.c">
      <Filter>Source Files\libtommath</Filter>
    </ClCompile>
    <ClCompile Include="src\libtommath\bn_mp_reduce_2k_l.c">
      <Filter>Source Files\libtommath</Filter>
    </ClCompile>
    <ClCompile Include="src\libtommath\bn_mp_reduce_2k_setup.c">
      <Filter>Source Files\libtommath</Filter>
    </ClCompile>
    <ClCompile Include="src\libtommath\bn_mp_reduce_2k_setup_l.c">
      <Filter>Source Files\libtommath</Filter>
    </ClCompile>
    <ClCompile Include="src\libtommath\bn_mp_reduce_is_2k.c">
      <Filter>Source Files\libtommath</Filter>
    </ClCompile>
    <ClCompile Include="src\libtommath\bn_mp_reduce_is_2k_l.c">
      <Filter>Source Files\libtommath</Filter>
    </ClCompile>
    <ClCompile Include="src\libtommath\bn_mp_reduce_setup.c">
      <Filter>Source Files\libtommath</Filter>
    </ClCompile>
    <ClCompile Include="src\libtommath\bn_mp_rshd.c">
      <Filter>Source Files\libtommath</Filter>
    </ClCompile>
    <ClCompile Include="src\libtommath\bn_mp_set.c">
      <Filter>Source Files\libtommath</Filter>
    </ClCompile>
    <ClCompile Include="src\libtommath\bn_mp_set_int.c">
      <Filter>Source Files\libtommath</Filter>
    </ClCompile>
    <ClCompile Include="src\libtommath\bn_mp_shrink.c">
      <Filter>Source Files\libtommath</Filter>
    </ClCompile>
    <ClCompile Include="src\libtommath\bn_mp_signed_bin_size.c">
      <Filter>Source Files\libtommath</Filter>
    </ClCompile>
    <ClCompile Include="src\libtommath\bn_mp_sqr.c">
      <Filter>Source Files\libtommath</Filter>
    </ClCompile>
    <ClCompile Include="src\libtommath\bn_mp_sqrmod.c">
      <Filter>Source Files\libtommath</Filter>
    </ClCompile>
    <ClCompile Include="src\libtommath\bn_mp_sqrt.c">
      <Filter>Source Files\libtommath</Filter>
    </ClCompile>
    <ClCompile Include="src\libtommath\bn_mp_sub.c">
      <Filter>Source Files\libtommath</Filter>
    </ClCompile>
    <ClCompile Include="src\libtommath\bn_mp_sub_d.c">
      <Filter>Source Files\libtommath</Filter>
    </ClCompile>
    <ClCompile Include="src\libtommath\bn_mp_submod.c">
      <Filter>Source Files\libtommath</Filter>
    </ClCompile>
    <ClCompile Include="src\libtommath\bn_mp_to_signed_bin.c">
      <Filter>Source Files\libtommath</Filter>
    </ClCompile>
    <ClCompile Include="src\libtommath\bn_mp_to_signed_bin_n.c">
      <Filter>Source Files\libtommath</Filter>
    </ClCompile>
    <ClCompile Include="src\libtommath\bn_mp_to_unsigned_bin.c">
      <Filter>Source Files\libtommath</Filter>
    </ClCompile>
    <ClCompile Include="src\libtommath\bn_mp_to_unsigned_bin_n.c">
      <Filter>Source Files\libtommath</Filter>
    </ClCompile>
    <ClCompile Include="src\libtommath\bn_mp_toom_mul.c">
      <Filter>Source Files\libtommath</Filter>
    </ClCompile>
    <ClCompile Include="src\libtommath\bn_mp_toom_sqr.c">
      <Filter>Source Files\libtommath</Filter>
    </ClCompile>
    <ClCompile Include="src\libtommath\bn_mp_toradix.c">
      <Filter>Source Files\libtommath</Filter>
    </ClCompile>
    <ClCompile Include="src\libtommath\bn_mp_toradix_n.c">
      <Filter>Source Files\libtommath</Filter>
    </ClCompile>
    <ClCompile Include="src\libtommath\bn_mp_unsigned_bin_size.c">
      <Filter>Source Files\libtommath</Filter>
    </ClCompile>
    <ClCompile Include="src\libtommath\bn_mp_xor.c">
      <Filter>Source Files\libtommath</Filter>
    </ClCompile>
    <ClCompile Include="src\libtommath\bn_mp_zero.c">
      <Filter>Source Files\libtommath</Filter>
    </ClCompile>
    <ClCompile Include="src\libtommath\bn_prime_tab.c">
      <Filter>Source Files\libtommath</Filter>
    </ClCompile>
    <ClCompile Include="src\libtommath\bn_reverse.c">
      <Filter>Source Files\libtommath</Filter>
    </ClCompile>
    <ClCompile Include="src\libtommath\bn_s_mp_add.c">
      <Filter>Source Files\libtommath</Filter>
    </ClCompile>
    <ClCompile Include="src\libtommath\bn_s_mp_exptmod.c">
      <Filter>Source Files\libtommath</Filter>
    </ClCompile>
    <ClCompile Include="src\libtommath\bn_s_mp_mul_digs.c">
      <Filter>Source Files\libtommath</Filter>
    </ClCompile>
    <ClCompile Include="src\libtommath\bn_s_mp_mul_high_digs.c">
      <Filter>Source Files\libtommath</Filter>
    </ClCompile>
    <ClCompile Include="src\libtommath\bn_s_mp_sqr.c">
      <Filter>Source Files\libtommath</Filter>
    </ClCompile>
    <ClCompile Include="src\libtommath\bn_s_mp_sub.c">
      <Filter>Source Files\libtommath</Filter>
    </ClCompile>
    <ClCompile Include="src\libtommath\bncore.c">
      <Filter>Source Files\libtommath</Filter>
    </ClCompile>
    <ClCompile Include="src\lzma\C\LzFind.c">
      <Filter>Source Files\lzma</Filter>
    </ClCompile>
    <ClCompile Include="src\lzma\C\LzFindMt.c">
      <Filter>Source Files\lzma</Filter>
    </ClCompile>
    <ClCompile Include="src\lzma\C\LzmaDec.c">
      <Filter>Source Files\lzma</Filter>
    </ClCompile>
    <ClCompile Include="src\lzma\C\LzmaEnc.c">
      <Filter>Source Files\lzma</Filter>
    </ClCompile>
    <ClCompile Include="src\lzma\C\Threads.c">
      <Filter>Source Files\lzma</Filter>
    </ClCompile>
    <ClCompile Include="src\pklib\explode.c">
      <Filter>Source Files\pklib</Filter>
    </ClCompile>
    <ClCompile Include="src\pklib\implode.c">
      <Filter>Source Files\pklib</Filter>
    </ClCompile>
    <ClCompile Include="src\sparse\sparse.cpp">
      <Filter>Source Files\sparse</Filter>
    </ClCompile>
    <ClCompile Include="src\zlib\adler32.c">
      <Filter>Source Files\zlib</Filter>
    </ClCompile>
    <ClCompile Include="src\zlib\compress2.c">
      <Filter>Source Files\zlib</Filter>
    </ClCompile>
    <ClCompile Include="src\zlib\crc32.c">
      <Filter>Source Files\zlib</Filter>
    </ClCompile>
    <ClCompile Include="src\zlib\deflate.c">
      <Filter>Source Files\zlib</Filter>
    </ClCompile>
    <ClCompile Include="src\zlib\inffast.c">
      <Filter>Source Files\zlib</Filter>
    </ClCompile>
    <ClCompile Include="src\zlib\inflate.c">
      <Filter>Source Files\zlib</Filter>
    </ClCompile>
    <ClCompile Include="src\zlib\inftrees.c">
      <Filter>Source Files\zlib</Filter>
    </ClCompile>
    <ClCompile Include="src\zlib\trees.c">
      <Filter>Source Files\zlib</Filter>
    </ClCompile>
    <ClCompile Include="src\zlib\zutil.c">
      <Filter>Source Files\zlib</Filter>
    </ClCompile>
    <ClCompile Include="src\jenkins\lookup3.c">
      <Filter>Source Files\jenkins</Filter>
    </ClCompile>
  </ItemGroup>
</Project>