<?xml version="1.0" encoding="utf-8"?>
<Project ToolsVersion="4.0" xmlns="http://schemas.microsoft.com/developer/msbuild/2003">
  <ItemGroup>
    <Filter Include="Source Files">
      <UniqueIdentifier>{7748a821-40c1-4432-a07e-ff4da1273091}</UniqueIdentifier>
      <Extensions>cpp;c;cxx;rc;def;r;odl;idl;hpj;bat</Extensions>
    </Filter>
    <Filter Include="Header Files">
      <UniqueIdentifier>{bd48cc48-7a79-4088-9e3f-8bf123692891}</UniqueIdentifier>
      <Extensions>h;hpp;hxx;hm;inl</Extensions>
    </Filter>
  </ItemGroup>
  <ItemGroup>
    <ClCompile Include="loadlib\adt.cpp">
      <Filter>Source Files</Filter>
    </ClCompile>
    <ClCompile Include="libmpq\common.cpp">
      <Filter>Source Files</Filter>
    </ClCompile>
    <ClCompile Include="dbcfile.cpp">
      <Filter>Source Files</Filter>
    </ClCompile>
    <ClCompile Include="libmpq\explode.cpp">
      <Filter>Source Files</Filter>
    </ClCompile>
    <ClCompile Include="libmpq\extract.cpp">
      <Filter>Source Files</Filter>
    </ClCompile>
    <ClCompile Include="libmpq\huffman.cpp">
      <Filter>Source Files</Filter>
    </ClCompile>
    <ClCompile Include="loadlib\loadlib.cpp">
      <Filter>Source Files</Filter>
    </ClCompile>
    <ClCompile Include="libmpq\mpq.cpp">
      <Filter>Source Files</Filter>
    </ClCompile>
    <ClCompile Include="mpq_libmpq.cpp">
      <Filter>Source Files</Filter>
    </ClCompile>
    <ClCompile Include="libmpq\parser.cpp">
      <Filter>Source Files</Filter>
    </ClCompile>
    <ClCompile Include="system.cpp">
      <Filter>Source Files</Filter>
    </ClCompile>
    <ClCompile Include="libmpq\wave.cpp">
      <Filter>Source Files</Filter>
    </ClCompile>
    <ClCompile Include="loadlib\wdt.cpp">
      <Filter>Source Files</Filter>
    </ClCompile>
  </ItemGroup>
  <ItemGroup>
    <ClInclude Include="loadlib\adt.h">
      <Filter>Header Files</Filter>
    </ClInclude>
    <ClInclude Include="libmpq\common.h">
      <Filter>Header Files</Filter>
    </ClInclude>
    <ClInclude Include="dbcfile.h">
      <Filter>Header Files</Filter>
    </ClInclude>
    <ClInclude Include="libmpq\explode.h">
      <Filter>Header Files</Filter>
    </ClInclude>
    <ClInclude Include="libmpq\huffman.h">
      <Filter>Header Files</Filter>
    </ClInclude>
    <ClInclude Include="loadlib\loadlib.h">
      <Filter>Header Files</Filter>
    </ClInclude>
    <ClInclude Include="libmpq\mpq.h">
      <Filter>Header Files</Filter>
    </ClInclude>
    <ClInclude Include="mpq_libmpq.h">
      <Filter>Header Files</Filter>
    </ClInclude>
    <ClInclude Include="libmpq\wave.h">
      <Filter>Header Files</Filter>
    </ClInclude>
    <ClInclude Include="loadlib\wdt.h">
      <Filter>Header Files</Filter>
    </ClInclude>
  </ItemGroup>
</Project>