
Microsoft Visual Studio Solution File, Format Version 10.00
# Visual Studio 2008
# $Id: VC9WorkspaceCreator.pm 1890 2010-08-24 19:48:23Z mitza $
#
# This file was generated by MPC.  Any changes made directly to
# this file will be lost the next time it is generated.
#
# MPC Command:
# /tmp/DOC_ROOT/stage-1367/ACE_wrappers/bin/mwc.pl -type vc9 -recurse -hierarchy -relative ACE_ROOT=/tmp/DOC_ROOT/stage-1367/ACE_wrappers -relative TAO_ROOT=/tmp/DOC_ROOT/stage-1367/ACE_wrappers/TAO -relative CIAO_ROOT=/tmp/DOC_ROOT/stage-1367/ACE_wrappers/TAO/CIAO -relative DANCE_ROOT=/tmp/DOC_ROOT/stage-1367/ACE_wrappers/TAO/DAnCE -name_modifier "*_vc9"
Project("{8BC9CEB8-8B4A-11D0-8D11-00A0C91BC942}") = "ACE", "ace\ACE_vc9.vcproj", "{BD537C9A-FECA-1BAD-6757-8A6300006755}"
EndProject
Global
	GlobalSection(SolutionConfigurationPlatforms) = preSolution
		Debug|Win32 = Debug|Win32
		Debug|x64 = Debug|x64
		Release|Win32 = Release|Win32
		Release|x64 = Release|x64
	EndGlobalSection
	GlobalSection(ProjectConfigurationPlatforms) = postSolution
		{BD537C9A-FECA-1BAD-6757-8A6300006755}.Debug|Win32.ActiveCfg = Debug|Win32
		{BD537C9A-FECA-1BAD-6757-8A6300006755}.Debug|Win32.Build.0 = Debug|Win32
		{BD537C9A-FECA-1BAD-6757-8A6300006755}.Debug|x64.ActiveCfg = Debug|x64
		{BD537C9A-FECA-1BAD-6757-8A6300006755}.Debug|x64.Build.0 = Debug|x64
		{BD537C9A-FECA-1BAD-6757-8A6300006755}.Release|Win32.ActiveCfg = Release|Win32
		{BD537C9A-FECA-1BAD-6757-8A6300006755}.Release|Win32.Build.0 = Release|Win32
		{BD537C9A-FECA-1BAD-6757-8A6300006755}.Release|x64.ActiveCfg = Release|x64
		{BD537C9A-FECA-1BAD-6757-8A6300006755}.Release|x64.Build.0 = Release|x64
		{BF204C9C-FECA-1BAD-6244-8A036423F5D3}.Debug|Win32.ActiveCfg = Debug|Win32
		{BF204C9C-FECA-1BAD-6244-8A036423F5D3}.Debug|Win32.Build.0 = Debug|Win32
		{BF204C9C-FECA-1BAD-6244-8A036423F5D3}.Debug|x64.ActiveCfg = Debug|x64
		{BF204C9C-FECA-1BAD-6244-8A036423F5D3}.Debug|x64.Build.0 = Debug|x64
		{BF204C9C-FECA-1BAD-6244-8A036423F5D3}.Release|Win32.ActiveCfg = Release|Win32
		{BF204C9C-FECA-1BAD-6244-8A036423F5D3}.Release|Win32.Build.0 = Release|Win32
		{BF204C9C-FECA-1BAD-6244-8A036423F5D3}.Release|x64.ActiveCfg = Release|x64
		{BF204C9C-FECA-1BAD-6244-8A036423F5D3}.Release|x64.Build.0 = Release|x64
	EndGlobalSection
	GlobalSection(SolutionProperties) = preSolution
		HideSolutionNode = FALSE
	EndGlobalSection
EndGlobal
