<?xml version="1.0" encoding="utf-8"?>
<Project ToolsVersion="4.0" xmlns="http://schemas.microsoft.com/developer/msbuild/2003">
  <ItemGroup>
    <Filter Include="Source Files">
      <UniqueIdentifier>{B1F27843-FECA-1BAD-6000-8A0F467CFFC7}</UniqueIdentifier>
      <Extensions>cpp;cxx;cc;c;C</Extensions>
    </Filter>
    <Filter Include="Header Files">
      <UniqueIdentifier>{06319535-FECA-1BAD-6000-8A0F467CFFC7}</UniqueIdentifier>
      <Extensions>h;hpp;hxx;hh</Extensions>
    </Filter>
    <Filter Include="Build Files">
      <UniqueIdentifier>{A1909F1C-FECA-1BAD-6000-8A0F467CFFC7}</UniqueIdentifier>
      <Extensions>mpc;mpb;mwc</Extensions>
    </Filter>
    <Filter Include="Template Files">
      <UniqueIdentifier>{5635C877-FECA-1BAD-6000-8A0F467CFFC7}</UniqueIdentifier>
    </Filter>
  </ItemGroup>
  <ItemGroup>
    <ClCompile Include="Assoc_Array.cpp">
      <Filter>Source Files</Filter>
    </ClCompile>
    <ClCompile Include="Cache_Manager.cpp">
      <Filter>Source Files</Filter>
    </ClCompile>
    <ClCompile Include="Cache_Object.cpp">
      <Filter>Source Files</Filter>
    </ClCompile>
    <ClCompile Include="Concurrency.cpp">
      <Filter>Source Files</Filter>
    </ClCompile>
    <ClCompile Include="Data_Block.cpp">
      <Filter>Source Files</Filter>
    </ClCompile>
    <ClCompile Include="FILE.cpp">
      <Filter>Source Files</Filter>
    </ClCompile>
    <ClCompile Include="Filecache.cpp">
      <Filter>Source Files</Filter>
    </ClCompile>
    <ClCompile Include="Headers.cpp">
      <Filter>Source Files</Filter>
    </ClCompile>
    <ClCompile Include="IO_Acceptor.cpp">
      <Filter>Source Files</Filter>
    </ClCompile>
    <ClCompile Include="IO_Handler.cpp">
      <Filter>Source Files</Filter>
    </ClCompile>
    <ClCompile Include="Jaws_IO.cpp">
      <Filter>Source Files</Filter>
    </ClCompile>
    <ClCompile Include="Parse_Headers.cpp">
      <Filter>Source Files</Filter>
    </ClCompile>
    <ClCompile Include="Pipeline.cpp">
      <Filter>Source Files</Filter>
    </ClCompile>
    <ClCompile Include="Pipeline_Tasks.cpp">
      <Filter>Source Files</Filter>
    </ClCompile>
    <ClCompile Include="Policy.cpp">
      <Filter>Source Files</Filter>
    </ClCompile>
    <ClCompile Include="Reaper.cpp">
      <Filter>Source Files</Filter>
    </ClCompile>
    <ClCompile Include="Server.cpp">
      <Filter>Source Files</Filter>
    </ClCompile>
    <ClCompile Include="Waiter.cpp">
      <Filter>Source Files</Filter>
    </ClCompile>
  </ItemGroup>
  <ItemGroup>
    <ClInclude Include="Assoc_Array.h">
      <Filter>Header Files</Filter>
    </ClInclude>
    <ClInclude Include="Cache_Hash_T.h">
      <Filter>Header Files</Filter>
    </ClInclude>
    <ClInclude Include="Cache_Heap_T.h">
      <Filter>Header Files</Filter>
    </ClInclude>
    <ClInclude Include="Cache_List_T.h">
      <Filter>Header Files</Filter>
    </ClInclude>
    <ClInclude Include="Cache_Manager.h">
      <Filter>Header Files</Filter>
    </ClInclude>
    <ClInclude Include="Cache_Manager_T.h">
      <Filter>Header Files</Filter>
    </ClInclude>
    <ClInclude Include="Cache_Object.h">
      <Filter>Header Files</Filter>
    </ClInclude>
    <ClInclude Include="Concurrency.h">
      <Filter>Header Files</Filter>
    </ClInclude>
    <ClInclude Include="Data_Block.h">
      <Filter>Header Files</Filter>
    </ClInclude>
    <ClInclude Include="Export.h">
      <Filter>Header Files</Filter>
    </ClInclude>
    <ClInclude Include="FILE.h">
      <Filter>Header Files</Filter>
    </ClInclude>
    <ClInclude Include="Filecache.h">
      <Filter>Header Files</Filter>
    </ClInclude>
    <ClInclude Include="Hash_Bucket_T.h">
      <Filter>Header Files</Filter>
    </ClInclude>
    <ClInclude Include="Headers.h">
      <Filter>Header Files</Filter>
    </ClInclude>
    <ClInclude Include="IO_Acceptor.h">
      <Filter>Header Files</Filter>
    </ClInclude>
    <ClInclude Include="IO_Handler.h">
      <Filter>Header Files</Filter>
    </ClInclude>
    <ClInclude Include="Jaws_IO.h">
      <Filter>Header Files</Filter>
    </ClInclude>
    <ClInclude Include="Parse_Headers.h">
      <Filter>Header Files</Filter>
    </ClInclude>
    <ClInclude Include="Pipeline.h">
      <Filter>Header Files</Filter>
    </ClInclude>
    <ClInclude Include="Pipeline_Handler_T.h">
      <Filter>Header Files</Filter>
    </ClInclude>
    <ClInclude Include="Pipeline_Tasks.h">
      <Filter>Header Files</Filter>
    </ClInclude>
    <ClInclude Include="Policy.h">
      <Filter>Header Files</Filter>
    </ClInclude>
    <ClInclude Include="Reaper.h">
      <Filter>Header Files</Filter>
    </ClInclude>
    <ClInclude Include="Server.h">
      <Filter>Header Files</Filter>
    </ClInclude>
    <ClInclude Include="Waiter.h">
      <Filter>Header Files</Filter>
    </ClInclude>
  </ItemGroup>
  <ItemGroup>
    <None Include="jaws2.mpc">
      <Filter>Build Files</Filter>
    </None>
  </ItemGroup>
  <ItemGroup>
    <ClCompile Include="Cache_Hash_T.cpp">
      <Filter>Template Files</Filter>
    </ClCompile>
    <ClCompile Include="Cache_Heap_T.cpp">
      <Filter>Template Files</Filter>
    </ClCompile>
    <ClCompile Include="Cache_List_T.cpp">
      <Filter>Template Files</Filter>
    </ClCompile>
    <ClCompile Include="Cache_Manager_T.cpp">
      <Filter>Template Files</Filter>
    </ClCompile>
    <ClCompile Include="Hash_Bucket_T.cpp">
      <Filter>Template Files</Filter>
    </ClCompile>
    <ClCompile Include="Pipeline_Handler_T.cpp">
      <Filter>Template Files</Filter>
    </ClCompile>
  </ItemGroup>
</Project>
