<?xml version="1.0" encoding="utf-8"?>
<Project ToolsVersion="4.0" xmlns="http://schemas.microsoft.com/developer/msbuild/2003">
  <ItemGroup>
    <Filter Include="World/Handlers">
      <UniqueIdentifier>{d75ae330-80de-4aaf-8274-ae85f49dbcd9}</UniqueIdentifier>
    </Filter>
    <Filter Include="Motion generators">
      <UniqueIdentifier>{7ade1743-efdc-47a9-86a5-77ab3ad233a5}</UniqueIdentifier>
    </Filter>
    <Filter Include="Object">
      <UniqueIdentifier>{1ea64f0d-ee7e-492e-8516-2f2c5be80a2a}</UniqueIdentifier>
    </Filter>
    <Filter Include="Server">
      <UniqueIdentifier>{af0d7b92-aa88-4870-bf29-5f9856a954d5}</UniqueIdentifier>
    </Filter>
    <Filter Include="Chat Commands">
      <UniqueIdentifier>{4087621b-fd53-4335-933f-ab29141b4c9e}</UniqueIdentifier>
    </Filter>
    <Filter Include="Tool">
      <UniqueIdentifier>{efeae208-8789-4329-889a-b50baa18c19a}</UniqueIdentifier>
    </Filter>
    <Filter Include="References">
      <UniqueIdentifier>{64bb42b8-e7ba-4247-b337-492f644daeeb}</UniqueIdentifier>
    </Filter>
    <Filter Include="vmaps">
      <UniqueIdentifier>{948284d3-9d89-4609-8cdd-28a213edb53e}</UniqueIdentifier>
    </Filter>
  </ItemGroup>
  <ItemGroup>
    <ClCompile Include="..\..\src\game\AccountMgr.cpp">
      <Filter>World/Handlers</Filter>
    </ClCompile>
    <ClCompile Include="..\..\src\game\AchievementMgr.cpp">
      <Filter>World/Handlers</Filter>
    </ClCompile>
    <ClCompile Include="..\..\src\game\ArenaTeamHandler.cpp">
      <Filter>World/Handlers</Filter>
    </ClCompile>
    <ClCompile Include="..\..\src\game\AuctionHouseHandler.cpp">
      <Filter>World/Handlers</Filter>
    </ClCompile>
    <ClCompile Include="..\..\src\game\BattleGround.cpp">
      <Filter>World/Handlers</Filter>
    </ClCompile>
    <ClCompile Include="..\..\src\game\BattleGroundAA.cpp">
      <Filter>World/Handlers</Filter>
    </ClCompile>
    <ClCompile Include="..\..\src\game\BattleGroundAB.cpp">
      <Filter>World/Handlers</Filter>
    </ClCompile>
    <ClCompile Include="..\..\src\game\BattleGroundAV.cpp">
      <Filter>World/Handlers</Filter>
    </ClCompile>
    <ClCompile Include="..\..\src\game\BattleGroundBE.cpp">
      <Filter>World/Handlers</Filter>
    </ClCompile>
    <ClCompile Include="..\..\src\game\BattleGroundDS.cpp">
      <Filter>World/Handlers</Filter>
    </ClCompile>
    <ClCompile Include="..\..\src\game\BattleGroundEY.cpp">
      <Filter>World/Handlers</Filter>
    </ClCompile>
    <ClCompile Include="..\..\src\game\BattleGroundHandler.cpp">
      <Filter>World/Handlers</Filter>
    </ClCompile>
    <ClCompile Include="..\..\src\game\BattleGroundIC.cpp">
      <Filter>World/Handlers</Filter>
    </ClCompile>
    <ClCompile Include="..\..\src\game\BattleGroundMgr.cpp">
      <Filter>World/Handlers</Filter>
    </ClCompile>
    <ClCompile Include="..\..\src\game\BattleGroundNA.cpp">
      <Filter>World/Handlers</Filter>
    </ClCompile>
    <ClCompile Include="..\..\src\game\BattleGroundRB.cpp">
      <Filter>World/Handlers</Filter>
    </ClCompile>
    <ClCompile Include="..\..\src\game\BattleGroundRL.cpp">
      <Filter>World/Handlers</Filter>
    </ClCompile>
    <ClCompile Include="..\..\src\game\BattleGroundRV.cpp">
      <Filter>World/Handlers</Filter>
    </ClCompile>
    <ClCompile Include="..\..\src\game\BattleGroundSA.cpp">
      <Filter>World/Handlers</Filter>
    </ClCompile>
    <ClCompile Include="..\..\src\game\BattleGroundWS.cpp">
      <Filter>World/Handlers</Filter>
    </ClCompile>
    <ClCompile Include="..\..\src\game\CalendarHandler.cpp">
      <Filter>World/Handlers</Filter>
    </ClCompile>
    <ClCompile Include="..\..\src\game\Channel.cpp">
      <Filter>World/Handlers</Filter>
    </ClCompile>
    <ClCompile Include="..\..\src\game\ChannelHandler.cpp">
      <Filter>World/Handlers</Filter>
    </ClCompile>
    <ClCompile Include="..\..\src\game\ChannelMgr.cpp">
      <Filter>World/Handlers</Filter>
    </ClCompile>
    <ClCompile Include="..\..\src\game\CharacterHandler.cpp">
      <Filter>World/Handlers</Filter>
    </ClCompile>
    <ClCompile Include="..\..\src\game\Chat.cpp">
      <Filter>World/Handlers</Filter>
    </ClCompile>
    <ClCompile Include="..\..\src\game\ChatHandler.cpp">
      <Filter>World/Handlers</Filter>
    </ClCompile>
    <ClCompile Include="..\..\src\game\CombatHandler.cpp">
      <Filter>World/Handlers</Filter>
    </ClCompile>
    <ClCompile Include="..\..\src\game\DuelHandler.cpp">
      <Filter>World/Handlers</Filter>
    </ClCompile>
    <ClCompile Include="..\..\src\game\GameEventMgr.cpp">
      <Filter>World/Handlers</Filter>
    </ClCompile>
    <ClCompile Include="..\..\src\game\GMTicketHandler.cpp">
      <Filter>World/Handlers</Filter>
    </ClCompile>
    <ClCompile Include="..\..\src\game\GossipDef.cpp">
      <Filter>World/Handlers</Filter>
    </ClCompile>
    <ClCompile Include="..\..\src\game\GridMap.cpp">
      <Filter>World/Handlers</Filter>
    </ClCompile>
    <ClCompile Include="..\..\src\game\GridNotifiers.cpp">
      <Filter>World/Handlers</Filter>
    </ClCompile>
    <ClCompile Include="..\..\src\game\GridStates.cpp">
      <Filter>World/Handlers</Filter>
    </ClCompile>
    <ClCompile Include="..\..\src\game\Group.cpp">
      <Filter>World/Handlers</Filter>
    </ClCompile>
    <ClCompile Include="..\..\src\game\GroupHandler.cpp">
      <Filter>World/Handlers</Filter>
    </ClCompile>
    <ClCompile Include="..\..\src\game\GuildHandler.cpp">
      <Filter>World/Handlers</Filter>
    </ClCompile>
    <ClCompile Include="..\..\src\game\InstanceData.cpp">
      <Filter>World/Handlers</Filter>
    </ClCompile>
    <ClCompile Include="..\..\src\game\ItemHandler.cpp">
      <Filter>World/Handlers</Filter>
    </ClCompile>
    <ClCompile Include="..\..\src\game\LFGHandler.cpp">
      <Filter>World/Handlers</Filter>
    </ClCompile>
    <ClCompile Include="..\..\src\game\LootHandler.cpp">
      <Filter>World/Handlers</Filter>
    </ClCompile>
    <ClCompile Include="..\..\src\game\Mail.cpp">
      <Filter>World/Handlers</Filter>
    </ClCompile>
    <ClCompile Include="..\..\src\game\Map.cpp">
      <Filter>World/Handlers</Filter>
    </ClCompile>
    <ClCompile Include="..\..\src\game\MapManager.cpp">
      <Filter>World/Handlers</Filter>
    </ClCompile>
    <ClCompile Include="..\..\src\game\MapPersistentStateMgr.cpp">
      <Filter>World/Handlers</Filter>
    </ClCompile>
    <ClCompile Include="..\..\src\game\MassMailMgr.cpp">
      <Filter>World/Handlers</Filter>
    </ClCompile>
    <ClCompile Include="..\..\src\game\MiscHandler.cpp">
      <Filter>World/Handlers</Filter>
    </ClCompile>
    <ClCompile Include="..\..\src\game\MovementHandler.cpp">
      <Filter>World/Handlers</Filter>
    </ClCompile>
    <ClCompile Include="..\..\src\game\NPCHandler.cpp">
      <Filter>World/Handlers</Filter>
    </ClCompile>
    <ClCompile Include="..\..\src\game\ObjectGridLoader.cpp">
      <Filter>World/Handlers</Filter>
    </ClCompile>
    <ClCompile Include="..\..\src\game\PetHandler.cpp">
      <Filter>World/Handlers</Filter>
    </ClCompile>
    <ClCompile Include="..\..\src\game\PetitionsHandler.cpp">
      <Filter>World/Handlers</Filter>
    </ClCompile>
    <ClCompile Include="..\..\src\game\PoolManager.cpp">
      <Filter>World/Handlers</Filter>
    </ClCompile>
    <ClCompile Include="..\..\src\game\QueryHandler.cpp">
      <Filter>World/Handlers</Filter>
    </ClCompile>
    <ClCompile Include="..\..\src\game\QuestDef.cpp">
      <Filter>World/Handlers</Filter>
    </ClCompile>
    <ClCompile Include="..\..\src\game\QuestHandler.cpp">
      <Filter>World/Handlers</Filter>
    </ClCompile>
    <ClCompile Include="..\..\src\game\ScriptMgr.cpp">
      <Filter>World/Handlers</Filter>
    </ClCompile>
    <ClCompile Include="..\..\src\game\SkillDiscovery.cpp">
      <Filter>World/Handlers</Filter>
    </ClCompile>
    <ClCompile Include="..\..\src\game\SkillExtraItems.cpp">
      <Filter>World/Handlers</Filter>
    </ClCompile>
    <ClCompile Include="..\..\src\game\SkillHandler.cpp">
      <Filter>World/Handlers</Filter>
    </ClCompile>
    <ClCompile Include="..\..\src\game\Spell.cpp">
      <Filter>World/Handlers</Filter>
    </ClCompile>
    <ClCompile Include="..\..\src\game\SpellAuras.cpp">
      <Filter>World/Handlers</Filter>
    </ClCompile>
    <ClCompile Include="..\..\src\game\SpellEffects.cpp">
      <Filter>World/Handlers</Filter>
    </ClCompile>
    <ClCompile Include="..\..\src\game\SpellHandler.cpp">
      <Filter>World/Handlers</Filter>
    </ClCompile>
    <ClCompile Include="..\..\src\game\TaxiHandler.cpp">
      <Filter>World/Handlers</Filter>
    </ClCompile>
    <ClCompile Include="..\..\src\game\TradeHandler.cpp">
      <Filter>World/Handlers</Filter>
    </ClCompile>
    <ClCompile Include="..\..\src\game\Transports.cpp">
      <Filter>World/Handlers</Filter>
    </ClCompile>
    <ClCompile Include="..\..\src\game\UpdateData.cpp">
      <Filter>World/Handlers</Filter>
    </ClCompile>
    <ClCompile Include="..\..\src\game\VoiceChatHandler.cpp">
      <Filter>World/Handlers</Filter>
    </ClCompile>
    <ClCompile Include="..\..\src\game\WaypointManager.cpp">
      <Filter>World/Handlers</Filter>
    </ClCompile>
    <ClCompile Include="..\..\src\game\Weather.cpp">
      <Filter>World/Handlers</Filter>
    </ClCompile>
    <ClCompile Include="..\..\src\game\World.cpp">
      <Filter>World/Handlers</Filter>
    </ClCompile>
    <ClCompile Include="..\..\src\game\ConfusedMovementGenerator.cpp">
      <Filter>Motion generators</Filter>
    </ClCompile>
    <ClCompile Include="..\..\src\game\DestinationHolder.cpp">
      <Filter>Motion generators</Filter>
    </ClCompile>
    <ClCompile Include="..\..\src\game\FleeingMovementGenerator.cpp">
      <Filter>Motion generators</Filter>
    </ClCompile>
    <ClCompile Include="..\..\src\game\HomeMovementGenerator.cpp">
      <Filter>Motion generators</Filter>
    </ClCompile>
    <ClCompile Include="..\..\src\game\IdleMovementGenerator.cpp">
      <Filter>Motion generators</Filter>
    </ClCompile>
    <ClCompile Include="..\..\src\game\MotionMaster.cpp">
      <Filter>Motion generators</Filter>
    </ClCompile>
    <ClCompile Include="..\..\src\game\MovementGenerator.cpp">
      <Filter>Motion generators</Filter>
    </ClCompile>
    <ClCompile Include="..\..\src\game\PointMovementGenerator.cpp">
      <Filter>Motion generators</Filter>
    </ClCompile>
    <ClCompile Include="..\..\src\game\RandomMovementGenerator.cpp">
      <Filter>Motion generators</Filter>
    </ClCompile>
    <ClCompile Include="..\..\src\game\TargetedMovementGenerator.cpp">
      <Filter>Motion generators</Filter>
    </ClCompile>
    <ClCompile Include="..\..\src\game\WaypointMovementGenerator.cpp">
      <Filter>Motion generators</Filter>
    </ClCompile>
    <ClCompile Include="..\..\src\game\AggressorAI.cpp">
      <Filter>Object</Filter>
    </ClCompile>
    <ClCompile Include="..\..\src\game\ArenaTeam.cpp">
      <Filter>Object</Filter>
    </ClCompile>
    <ClCompile Include="..\..\src\game\AuctionHouseMgr.cpp">
      <Filter>Object</Filter>
    </ClCompile>
    <ClCompile Include="..\..\src\game\Bag.cpp">
      <Filter>Object</Filter>
    </ClCompile>
    <ClCompile Include="..\..\src\game\Calendar.cpp">
      <Filter>Object</Filter>
    </ClCompile>
    <ClCompile Include="..\..\src\game\Corpse.cpp">
      <Filter>Object</Filter>
    </ClCompile>
    <ClCompile Include="..\..\src\game\Creature.cpp">
      <Filter>Object</Filter>
    </ClCompile>
    <ClCompile Include="..\..\src\game\CreatureAI.cpp">
      <Filter>Object</Filter>
    </ClCompile>
    <ClCompile Include="..\..\src\game\CreatureAIRegistry.cpp">
      <Filter>Object</Filter>
    </ClCompile>
    <ClCompile Include="..\..\src\game\CreatureAISelector.cpp">
      <Filter>Object</Filter>
    </ClCompile>
    <ClCompile Include="..\..\src\game\CreatureEventAI.cpp">
      <Filter>Object</Filter>
    </ClCompile>
    <ClCompile Include="..\..\src\game\CreatureEventAIMgr.cpp">
      <Filter>Object</Filter>
    </ClCompile>
    <ClCompile Include="..\..\src\game\DynamicObject.cpp">
      <Filter>Object</Filter>
    </ClCompile>
    <ClCompile Include="..\..\src\game\GameObject.cpp">
      <Filter>Object</Filter>
    </ClCompile>
    <ClCompile Include="..\..\src\game\GMTicketMgr.cpp">
      <Filter>Object</Filter>
    </ClCompile>
    <ClCompile Include="..\..\src\game\GuardAI.cpp">
      <Filter>Object</Filter>
    </ClCompile>
    <ClCompile Include="..\..\src\game\Guild.cpp">
      <Filter>Object</Filter>
    </ClCompile>
    <ClCompile Include="..\..\src\game\Item.cpp">
      <Filter>Object</Filter>
    </ClCompile>
    <ClCompile Include="..\..\src\game\ItemEnchantmentMgr.cpp">
      <Filter>Object</Filter>
    </ClCompile>
    <ClCompile Include="..\..\src\game\LootMgr.cpp">
      <Filter>Object</Filter>
    </ClCompile>
    <ClCompile Include="..\..\src\game\NullCreatureAI.cpp">
      <Filter>Object</Filter>
    </ClCompile>
    <ClCompile Include="..\..\src\game\Object.cpp">
      <Filter>Object</Filter>
    </ClCompile>
    <ClCompile Include="..\..\src\game\ObjectAccessor.cpp">
      <Filter>Object</Filter>
    </ClCompile>
    <ClCompile Include="..\..\src\game\ObjectGuid.cpp">
      <Filter>Object</Filter>
    </ClCompile>
    <ClCompile Include="..\..\src\game\ObjectMgr.cpp">
      <Filter>Object</Filter>
    </ClCompile>
    <ClCompile Include="..\..\src\game\ObjectPosSelector.cpp">
      <Filter>Object</Filter>
    </ClCompile>
    <ClCompile Include="..\..\src\game\Pet.cpp">
      <Filter>Object</Filter>
    </ClCompile>
    <ClCompile Include="..\..\src\game\PetAI.cpp">
      <Filter>Object</Filter>
    </ClCompile>
    <ClCompile Include="..\..\src\game\Player.cpp">
      <Filter>Object</Filter>
    </ClCompile>
    <ClCompile Include="..\..\src\game\ReactorAI.cpp">
      <Filter>Object</Filter>
    </ClCompile>
    <ClCompile Include="..\..\src\game\ReputationMgr.cpp">
      <Filter>Object</Filter>
    </ClCompile>
    <ClCompile Include="..\..\src\game\SocialMgr.cpp">
      <Filter>Object</Filter>
    </ClCompile>
    <ClCompile Include="..\..\src\game\SpellMgr.cpp">
      <Filter>Object</Filter>
    </ClCompile>
    <ClCompile Include="..\..\src\game\StatSystem.cpp">
      <Filter>Object</Filter>
    </ClCompile>
    <ClCompile Include="..\..\src\game\TemporarySummon.cpp">
      <Filter>Object</Filter>
    </ClCompile>
    <ClCompile Include="..\..\src\game\Totem.cpp">
      <Filter>Object</Filter>
    </ClCompile>
    <ClCompile Include="..\..\src\game\TotemAI.cpp">
      <Filter>Object</Filter>
    </ClCompile>
    <ClCompile Include="..\..\src\game\Unit.cpp">
      <Filter>Object</Filter>
    </ClCompile>
    <ClCompile Include="..\..\src\game\Vehicle.cpp">
      <Filter>Object</Filter>
    </ClCompile>
    <ClCompile Include="..\..\src\game\DBCStores.cpp">
      <Filter>Server</Filter>
    </ClCompile>
    <ClCompile Include="..\..\src\game\Opcodes.cpp">
      <Filter>Server</Filter>
    </ClCompile>
    <ClCompile Include="..\..\src\game\SQLStorages.cpp">
      <Filter>Server</Filter>
    </ClCompile>
    <ClCompile Include="..\..\src\game\WorldSession.cpp">
      <Filter>Server</Filter>
    </ClCompile>
    <ClCompile Include="..\..\src\game\WorldSocket.cpp">
      <Filter>Server</Filter>
    </ClCompile>
    <ClCompile Include="..\..\src\game\WorldSocketMgr.cpp">
      <Filter>Server</Filter>
    </ClCompile>
    <ClCompile Include="..\..\src\game\debugcmds.cpp">
      <Filter>Chat Commands</Filter>
    </ClCompile>
    <ClCompile Include="..\..\src\game\Level0.cpp">
      <Filter>Chat Commands</Filter>
    </ClCompile>
    <ClCompile Include="..\..\src\game\Level1.cpp">
      <Filter>Chat Commands</Filter>
    </ClCompile>
    <ClCompile Include="..\..\src\game\Level2.cpp">
      <Filter>Chat Commands</Filter>
    </ClCompile>
    <ClCompile Include="..\..\src\game\Level3.cpp">
      <Filter>Chat Commands</Filter>
    </ClCompile>
    <ClCompile Include="..\..\src\game\PlayerDump.cpp">
      <Filter>Tool</Filter>
    </ClCompile>
    <ClCompile Include="..\..\src\game\FollowerReference.cpp">
      <Filter>References</Filter>
    </ClCompile>
    <ClCompile Include="..\..\src\game\GroupReference.cpp">
      <Filter>References</Filter>
    </ClCompile>
    <ClCompile Include="..\..\src\game\HostileRefManager.cpp">
      <Filter>References</Filter>
    </ClCompile>
    <ClCompile Include="..\..\src\game\ThreatManager.cpp">
      <Filter>References</Filter>
    </ClCompile>
    <ClCompile Include="..\..\src\game\pchdef.cpp" />
    <ClCompile Include="..\..\src\game\CharacterDatabaseCleaner.cpp">
      <Filter>Tool</Filter>
    </ClCompile>
    <ClCompile Include="..\..\src\game\Camera.cpp">
      <Filter>Object</Filter>
    </ClCompile>
    <ClCompile Include="..\..\src\game\UnitAuraProcHandler.cpp">
      <Filter>World/Handlers</Filter>
    </ClCompile>
    <ClCompile Include="..\..\src\game\vmap\BIH.cpp">
      <Filter>vmaps</Filter>
    </ClCompile>
    <ClCompile Include="..\..\src\game\vmap\MapTree.cpp">
      <Filter>vmaps</Filter>
    </ClCompile>
    <ClCompile Include="..\..\src\game\vmap\ModelInstance.cpp">
      <Filter>vmaps</Filter>
    </ClCompile>
    <ClCompile Include="..\..\src\game\vmap\TileAssembler.cpp">
      <Filter>vmaps</Filter>
    </ClCompile>
    <ClCompile Include="..\..\src\game\vmap\VMapFactory.cpp">
      <Filter>vmaps</Filter>
    </ClCompile>
    <ClCompile Include="..\..\src\game\vmap\VMapManager2.cpp">
      <Filter>vmaps</Filter>
    </ClCompile>
    <ClCompile Include="..\..\src\game\vmap\WorldModel.cpp">
      <Filter>vmaps</Filter>
    </ClCompile>
  </ItemGroup>
  <ItemGroup>
    <ClInclude Include="..\..\src\game\AccountMgr.h">
      <Filter>World/Handlers</Filter>
    </ClInclude>
    <ClInclude Include="..\..\src\game\AchievementMgr.h">
      <Filter>World/Handlers</Filter>
    </ClInclude>
    <ClInclude Include="..\..\src\game\BattleGround.h">
      <Filter>World/Handlers</Filter>
    </ClInclude>
    <ClInclude Include="..\..\src\game\BattleGroundAA.h">
      <Filter>World/Handlers</Filter>
    </ClInclude>
    <ClInclude Include="..\..\src\game\BattleGroundAB.h">
      <Filter>World/Handlers</Filter>
    </ClInclude>
    <ClInclude Include="..\..\src\game\BattleGroundAV.h">
      <Filter>World/Handlers</Filter>
    </ClInclude>
    <ClInclude Include="..\..\src\game\BattleGroundBE.h">
      <Filter>World/Handlers</Filter>
    </ClInclude>
    <ClInclude Include="..\..\src\game\BattleGroundDS.h">
      <Filter>World/Handlers</Filter>
    </ClInclude>
    <ClInclude Include="..\..\src\game\BattleGroundEY.h">
      <Filter>World/Handlers</Filter>
    </ClInclude>
    <ClInclude Include="..\..\src\game\BattleGroundIC.h">
      <Filter>World/Handlers</Filter>
    </ClInclude>
    <ClInclude Include="..\..\src\game\BattleGroundMgr.h">
      <Filter>World/Handlers</Filter>
    </ClInclude>
    <ClInclude Include="..\..\src\game\BattleGroundNA.h">
      <Filter>World/Handlers</Filter>
    </ClInclude>
    <ClInclude Include="..\..\src\game\BattleGroundRB.h">
      <Filter>World/Handlers</Filter>
    </ClInclude>
    <ClInclude Include="..\..\src\game\BattleGroundRL.h">
      <Filter>World/Handlers</Filter>
    </ClInclude>
    <ClInclude Include="..\..\src\game\BattleGroundRV.h">
      <Filter>World/Handlers</Filter>
    </ClInclude>
    <ClInclude Include="..\..\src\game\BattleGroundSA.h">
      <Filter>World/Handlers</Filter>
    </ClInclude>
    <ClInclude Include="..\..\src\game\BattleGroundWS.h">
      <Filter>World/Handlers</Filter>
    </ClInclude>
    <ClInclude Include="..\..\src\game\Cell.h">
      <Filter>World/Handlers</Filter>
    </ClInclude>
    <ClInclude Include="..\..\src\game\CellImpl.h">
      <Filter>World/Handlers</Filter>
    </ClInclude>
    <ClInclude Include="..\..\src\game\Channel.h">
      <Filter>World/Handlers</Filter>
    </ClInclude>
    <ClInclude Include="..\..\src\game\ChannelMgr.h">
      <Filter>World/Handlers</Filter>
    </ClInclude>
    <ClInclude Include="..\..\src\game\Chat.h">
      <Filter>World/Handlers</Filter>
    </ClInclude>
    <ClInclude Include="..\..\src\game\GameEventMgr.h">
      <Filter>World/Handlers</Filter>
    </ClInclude>
    <ClInclude Include="..\..\src\game\GossipDef.h">
      <Filter>World/Handlers</Filter>
    </ClInclude>
    <ClInclude Include="..\..\src\game\GridDefines.h">
      <Filter>World/Handlers</Filter>
    </ClInclude>
    <ClInclude Include="..\..\src\game\GridMap.h">
      <Filter>World/Handlers</Filter>
    </ClInclude>
    <ClInclude Include="..\..\src\game\GridNotifiers.h">
      <Filter>World/Handlers</Filter>
    </ClInclude>
    <ClInclude Include="..\..\src\game\GridNotifiersImpl.h">
      <Filter>World/Handlers</Filter>
    </ClInclude>
    <ClInclude Include="..\..\src\game\GridStates.h">
      <Filter>World/Handlers</Filter>
    </ClInclude>
    <ClInclude Include="..\..\src\game\Group.h">
      <Filter>World/Handlers</Filter>
    </ClInclude>
    <ClInclude Include="..\..\src\game\InstanceData.h">
      <Filter>World/Handlers</Filter>
    </ClInclude>
    <ClInclude Include="..\..\src\game\Mail.h">
      <Filter>World/Handlers</Filter>
    </ClInclude>
    <ClInclude Include="..\..\src\game\Map.h">
      <Filter>World/Handlers</Filter>
    </ClInclude>
    <ClInclude Include="..\..\src\game\MapManager.h">
      <Filter>World/Handlers</Filter>
    </ClInclude>
    <ClInclude Include="..\..\src\game\MapPersistentStateMgr.h">
      <Filter>World/Handlers</Filter>
    </ClInclude>
    <ClInclude Include="..\..\src\game\MassMailMgr.h">
      <Filter>World/Handlers</Filter>
    </ClInclude>
    <ClInclude Include="..\..\src\game\NPCHandler.h">
      <Filter>World/Handlers</Filter>
    </ClInclude>
    <ClInclude Include="..\..\src\game\ObjectGridLoader.h">
      <Filter>World/Handlers</Filter>
    </ClInclude>
    <ClInclude Include="..\..\src\game\Path.h">
      <Filter>World/Handlers</Filter>
    </ClInclude>
    <ClInclude Include="..\..\src\game\PoolManager.h">
      <Filter>World/Handlers</Filter>
    </ClInclude>
    <ClInclude Include="..\..\src\game\QuestDef.h">
      <Filter>World/Handlers</Filter>
    </ClInclude>
    <ClInclude Include="..\..\src\game\ScriptMgr.h">
      <Filter>World/Handlers</Filter>
    </ClInclude>
    <ClInclude Include="..\..\src\game\SkillDiscovery.h">
      <Filter>World/Handlers</Filter>
    </ClInclude>
    <ClInclude Include="..\..\src\game\SkillExtraItems.h">
      <Filter>World/Handlers</Filter>
    </ClInclude>
    <ClInclude Include="..\..\src\game\Spell.h">
      <Filter>World/Handlers</Filter>
    </ClInclude>
    <ClInclude Include="..\..\src\game\SpellAuraDefines.h">
      <Filter>World/Handlers</Filter>
    </ClInclude>
    <ClInclude Include="..\..\src\game\SpellAuras.h">
      <Filter>World/Handlers</Filter>
    </ClInclude>
    <ClInclude Include="..\..\src\game\Transports.h">
      <Filter>World/Handlers</Filter>
    </ClInclude>
    <ClInclude Include="..\..\src\game\UpdateData.h">
      <Filter>World/Handlers</Filter>
    </ClInclude>
    <ClInclude Include="..\..\src\game\WaypointManager.h">
      <Filter>World/Handlers</Filter>
    </ClInclude>
    <ClInclude Include="..\..\src\game\Weather.h">
      <Filter>World/Handlers</Filter>
    </ClInclude>
    <ClInclude Include="..\..\src\game\World.h">
      <Filter>World/Handlers</Filter>
    </ClInclude>
    <ClInclude Include="..\..\src\game\ConfusedMovementGenerator.h">
      <Filter>Motion generators</Filter>
    </ClInclude>
    <ClInclude Include="..\..\src\game\DestinationHolder.h">
      <Filter>Motion generators</Filter>
    </ClInclude>
    <ClInclude Include="..\..\src\game\DestinationHolderImp.h">
      <Filter>Motion generators</Filter>
    </ClInclude>
    <ClInclude Include="..\..\src\game\FleeingMovementGenerator.h">
      <Filter>Motion generators</Filter>
    </ClInclude>
    <ClInclude Include="..\..\src\game\HomeMovementGenerator.h">
      <Filter>Motion generators</Filter>
    </ClInclude>
    <ClInclude Include="..\..\src\game\IdleMovementGenerator.h">
      <Filter>Motion generators</Filter>
    </ClInclude>
    <ClInclude Include="..\..\src\game\MotionMaster.h">
      <Filter>Motion generators</Filter>
    </ClInclude>
    <ClInclude Include="..\..\src\game\MovementGenerator.h">
      <Filter>Motion generators</Filter>
    </ClInclude>
    <ClInclude Include="..\..\src\game\PointMovementGenerator.h">
      <Filter>Motion generators</Filter>
    </ClInclude>
    <ClInclude Include="..\..\src\game\RandomMovementGenerator.h">
      <Filter>Motion generators</Filter>
    </ClInclude>
    <ClInclude Include="..\..\src\game\TargetedMovementGenerator.h">
      <Filter>Motion generators</Filter>
    </ClInclude>
    <ClInclude Include="..\..\src\game\Traveller.h">
      <Filter>Motion generators</Filter>
    </ClInclude>
    <ClInclude Include="..\..\src\game\WaypointMovementGenerator.h">
      <Filter>Motion generators</Filter>
    </ClInclude>
    <ClInclude Include="..\..\src\game\AggressorAI.h">
      <Filter>Object</Filter>
    </ClInclude>
    <ClInclude Include="..\..\src\game\ArenaTeam.h">
      <Filter>Object</Filter>
    </ClInclude>
    <ClInclude Include="..\..\src\game\AuctionHouseMgr.h">
      <Filter>Object</Filter>
    </ClInclude>
    <ClInclude Include="..\..\src\game\Bag.h">
      <Filter>Object</Filter>
    </ClInclude>
    <ClInclude Include="..\..\src\game\Calendar.h">
      <Filter>Object</Filter>
    </ClInclude>
    <ClInclude Include="..\..\src\game\Corpse.h">
      <Filter>Object</Filter>
    </ClInclude>
    <ClInclude Include="..\..\src\game\Creature.h">
      <Filter>Object</Filter>
    </ClInclude>
    <ClInclude Include="..\..\src\game\CreatureAI.h">
      <Filter>Object</Filter>
    </ClInclude>
    <ClInclude Include="..\..\src\game\CreatureAIImpl.h">
      <Filter>Object</Filter>
    </ClInclude>
    <ClInclude Include="..\..\src\game\CreatureAIRegistry.h">
      <Filter>Object</Filter>
    </ClInclude>
    <ClInclude Include="..\..\src\game\CreatureAISelector.h">
      <Filter>Object</Filter>
    </ClInclude>
    <ClInclude Include="..\..\src\game\CreatureEventAI.h">
      <Filter>Object</Filter>
    </ClInclude>
    <ClInclude Include="..\..\src\game\CreatureEventAIMgr.h">
      <Filter>Object</Filter>
    </ClInclude>
    <ClInclude Include="..\..\src\game\DynamicObject.h">
      <Filter>Object</Filter>
    </ClInclude>
    <ClInclude Include="..\..\src\game\Formulas.h">
      <Filter>Object</Filter>
    </ClInclude>
    <ClInclude Include="..\..\src\game\GameObject.h">
      <Filter>Object</Filter>
    </ClInclude>
    <ClInclude Include="..\..\src\game\GMTicketMgr.h">
      <Filter>Object</Filter>
    </ClInclude>
    <ClInclude Include="..\..\src\game\GuardAI.h">
      <Filter>Object</Filter>
    </ClInclude>
    <ClInclude Include="..\..\src\game\Guild.h">
      <Filter>Object</Filter>
    </ClInclude>
    <ClInclude Include="..\..\src\game\Item.h">
      <Filter>Object</Filter>
    </ClInclude>
    <ClInclude Include="..\..\src\game\ItemEnchantmentMgr.h">
      <Filter>Object</Filter>
    </ClInclude>
    <ClInclude Include="..\..\src\game\ItemPrototype.h">
      <Filter>Object</Filter>
    </ClInclude>
    <ClInclude Include="..\..\src\game\LootMgr.h">
      <Filter>Object</Filter>
    </ClInclude>
    <ClInclude Include="..\..\src\game\NullCreatureAI.h">
      <Filter>Object</Filter>
    </ClInclude>
    <ClInclude Include="..\..\src\game\Object.h">
      <Filter>Object</Filter>
    </ClInclude>
    <ClInclude Include="..\..\src\game\ObjectAccessor.h">
      <Filter>Object</Filter>
    </ClInclude>
    <ClInclude Include="..\..\src\game\ObjectGuid.h">
      <Filter>Object</Filter>
    </ClInclude>
    <ClInclude Include="..\..\src\game\ObjectMgr.h">
      <Filter>Object</Filter>
    </ClInclude>
    <ClInclude Include="..\..\src\game\ObjectPosSelector.h">
      <Filter>Object</Filter>
    </ClInclude>
    <ClInclude Include="..\..\src\game\Pet.h">
      <Filter>Object</Filter>
    </ClInclude>
    <ClInclude Include="..\..\src\game\PetAI.h">
      <Filter>Object</Filter>
    </ClInclude>
    <ClInclude Include="..\..\src\game\Player.h">
      <Filter>Object</Filter>
    </ClInclude>
    <ClInclude Include="..\..\src\game\ReactorAI.h">
      <Filter>Object</Filter>
    </ClInclude>
    <ClInclude Include="..\..\src\game\ReputationMgr.h">
      <Filter>Object</Filter>
    </ClInclude>
    <ClInclude Include="..\..\src\game\SocialMgr.h">
      <Filter>Object</Filter>
    </ClInclude>
    <ClInclude Include="..\..\src\game\SpellMgr.h">
      <Filter>Object</Filter>
    </ClInclude>
    <ClInclude Include="..\..\src\game\TemporarySummon.h">
      <Filter>Object</Filter>
    </ClInclude>
    <ClInclude Include="..\..\src\game\Totem.h">
      <Filter>Object</Filter>
    </ClInclude>
    <ClInclude Include="..\..\src\game\TotemAI.h">
      <Filter>Object</Filter>
    </ClInclude>
    <ClInclude Include="..\..\src\game\Unit.h">
      <Filter>Object</Filter>
    </ClInclude>
    <ClInclude Include="..\..\src\game\UnitEvents.h">
      <Filter>Object</Filter>
    </ClInclude>
    <ClInclude Include="..\..\src\game\UpdateFields.h">
      <Filter>Object</Filter>
    </ClInclude>
    <ClInclude Include="..\..\src\game\UpdateMask.h">
      <Filter>Object</Filter>
    </ClInclude>
    <ClInclude Include="..\..\src\game\Vehicle.h">
      <Filter>Object</Filter>
    </ClInclude>
    <ClInclude Include="..\..\src\game\DBCEnums.h">
      <Filter>Server</Filter>
    </ClInclude>
    <ClInclude Include="..\..\src\game\DBCfmt.h">
      <Filter>Server</Filter>
    </ClInclude>
    <ClInclude Include="..\..\src\game\DBCStores.h">
      <Filter>Server</Filter>
    </ClInclude>
    <ClInclude Include="..\..\src\game\DBCStructure.h">
      <Filter>Server</Filter>
    </ClInclude>
    <ClInclude Include="..\..\src\game\Opcodes.h">
      <Filter>Server</Filter>
    </ClInclude>
    <ClInclude Include="..\..\src\game\SharedDefines.h">
      <Filter>Server</Filter>
    </ClInclude>
    <ClInclude Include="..\..\src\game\SQLStorages.h">
      <Filter>Server</Filter>
    </ClInclude>
    <ClInclude Include="..\..\src\game\WorldSession.h">
      <Filter>Server</Filter>
    </ClInclude>
    <ClInclude Include="..\..\src\game\WorldSocket.h">
      <Filter>Server</Filter>
    </ClInclude>
    <ClInclude Include="..\..\src\game\WorldSocketMgr.h">
      <Filter>Server</Filter>
    </ClInclude>
    <ClInclude Include="..\..\src\game\Language.h">
      <Filter>Tool</Filter>
    </ClInclude>
    <ClInclude Include="..\..\src\game\PlayerDump.h">
      <Filter>Tool</Filter>
    </ClInclude>
    <ClInclude Include="..\..\src\game\FollowerReference.h">
      <Filter>References</Filter>
    </ClInclude>
    <ClInclude Include="..\..\src\game\FollowerRefManager.h">
      <Filter>References</Filter>
    </ClInclude>
    <ClInclude Include="..\..\src\game\GroupReference.h">
      <Filter>References</Filter>
    </ClInclude>
    <ClInclude Include="..\..\src\game\GroupRefManager.h">
      <Filter>References</Filter>
    </ClInclude>
    <ClInclude Include="..\..\src\game\HostileRefManager.h">
      <Filter>References</Filter>
    </ClInclude>
    <ClInclude Include="..\..\src\game\MapReference.h">
      <Filter>References</Filter>
    </ClInclude>
    <ClInclude Include="..\..\src\game\MapRefManager.h">
      <Filter>References</Filter>
    </ClInclude>
    <ClInclude Include="..\..\src\game\ThreatManager.h">
      <Filter>References</Filter>
    </ClInclude>
    <ClInclude Include="..\..\src\game\pchdef.h" />
    <ClInclude Include="..\..\src\game\CharacterDatabaseCleaner.h">
      <Filter>Tool</Filter>
    </ClInclude>
    <ClInclude Include="..\..\src\game\Camera.h">
      <Filter>Object</Filter>
    </ClInclude>
    <ClInclude Include="..\..\src\game\vmap\BIH.h">
      <Filter>vmaps</Filter>
    </ClInclude>
    <ClInclude Include="..\..\src\game\vmap\IVMapManager.h">
      <Filter>vmaps</Filter>
    </ClInclude>
    <ClInclude Include="..\..\src\game\vmap\MapTree.h">
      <Filter>vmaps</Filter>
    </ClInclude>
    <ClInclude Include="..\..\src\game\vmap\ModelInstance.h">
      <Filter>vmaps</Filter>
    </ClInclude>
    <ClInclude Include="..\..\src\game\vmap\TileAssembler.h">
      <Filter>vmaps</Filter>
    </ClInclude>
    <ClInclude Include="..\..\src\game\vmap\VMapDefinitions.h">
      <Filter>vmaps</Filter>
    </ClInclude>
    <ClInclude Include="..\..\src\game\vmap\VMapFactory.h">
      <Filter>vmaps</Filter>
    </ClInclude>
    <ClInclude Include="..\..\src\game\vmap\VMapManager2.h">
      <Filter>vmaps</Filter>
    </ClInclude>
    <ClInclude Include="..\..\src\game\vmap\VMapTools.h">
      <Filter>vmaps</Filter>
    </ClInclude>
    <ClInclude Include="..\..\src\game\vmap\WorldModel.h">
      <Filter>vmaps</Filter>
    </ClInclude>
  </ItemGroup>
</Project>