<?xml version="1.0" encoding="utf-8"?>
<Project ToolsVersion="4.0" xmlns="http://schemas.microsoft.com/developer/msbuild/2003">
  <ItemGroup>
    <Filter Include="Database">
      <UniqueIdentifier>{c8fcac37-3e33-4a88-b9b3-a322b7dfe5bd}</UniqueIdentifier>
    </Filter>
    <Filter Include="Database\DataStores">
      <UniqueIdentifier>{809f010b-4e16-4925-81a1-e0778f06f028}</UniqueIdentifier>
    </Filter>
    <Filter Include="Log">
      <UniqueIdentifier>{97ba4623-a513-4ad4-b769-7abcff4b6641}</UniqueIdentifier>
    </Filter>
    <Filter Include="Util">
      <UniqueIdentifier>{9c8bfd20-3dca-44b6-8d3d-fd5925b39914}</UniqueIdentifier>
    </Filter>
    <Filter Include="Config">
      <UniqueIdentifier>{adb98dec-d22a-40b3-84be-51eaf2974a15}</UniqueIdentifier>
    </Filter>
    <Filter Include="Auth">
      <UniqueIdentifier>{e35fd108-bd39-46ae-83f9-09cf1ebf4ea8}</UniqueIdentifier>
    </Filter>
  </ItemGroup>
  <ItemGroup>
    <ClCompile Include="..\..\src\shared\Database\Database.cpp">
      <Filter>Database</Filter>
    </ClCompile>
    <ClCompile Include="..\..\src\shared\Database\DatabaseMysql.cpp">
      <Filter>Database</Filter>
    </ClCompile>
    <ClCompile Include="..\..\src\shared\Database\Field.cpp">
      <Filter>Database</Filter>
    </ClCompile>
    <ClCompile Include="..\..\src\shared\Database\QueryResultMysql.cpp">
      <Filter>Database</Filter>
    </ClCompile>
    <ClCompile Include="..\..\src\shared\Database\SqlDelayThread.cpp">
      <Filter>Database</Filter>
    </ClCompile>
    <ClCompile Include="..\..\src\shared\Database\SqlOperations.cpp">
      <Filter>Database</Filter>
    </ClCompile>
    <ClCompile Include="..\..\src\shared\Database\SQLStorage.cpp">
      <Filter>Database</Filter>
    </ClCompile>
    <ClCompile Include="..\..\src\shared\Database\DBCFileLoader.cpp">
      <Filter>Database\DataStores</Filter>
    </ClCompile>
    <ClCompile Include="..\..\src\shared\Log.cpp">
      <Filter>Log</Filter>
    </ClCompile>
    <ClCompile Include="..\..\src\shared\DelayExecutor.cpp">
      <Filter>Util</Filter>
    </ClCompile>
    <ClCompile Include="..\..\src\shared\MemoryLeaks.cpp">
      <Filter>Util</Filter>
    </ClCompile>
    <ClCompile Include="..\..\src\shared\ProgressBar.cpp">
      <Filter>Util</Filter>
    </ClCompile>
    <ClCompile Include="..\..\src\shared\Util.cpp">
      <Filter>Util</Filter>
    </ClCompile>
    <ClCompile Include="..\..\src\shared\Config\Config.cpp">
      <Filter>Config</Filter>
    </ClCompile>
    <ClCompile Include="..\..\src\shared\Auth\AuthCrypt.cpp">
      <Filter>Auth</Filter>
    </ClCompile>
    <ClCompile Include="..\..\src\shared\Auth\BigNumber.cpp">
      <Filter>Auth</Filter>
    </ClCompile>
    <ClCompile Include="..\..\src\shared\Auth\HMACSHA1.cpp">
      <Filter>Auth</Filter>
    </ClCompile>
    <ClCompile Include="..\..\src\shared\Auth\SARC4.cpp">
      <Filter>Auth</Filter>
    </ClCompile>
    <ClCompile Include="..\..\src\shared\Auth\Sha1.cpp">
      <Filter>Auth</Filter>
    </ClCompile>
    <ClCompile Include="..\..\src\shared\Common.cpp" />
    <ClCompile Include="..\..\src\shared\ServiceWin32.cpp" />
    <ClCompile Include="..\..\src\shared\Threading.cpp" />
  </ItemGroup>
  <ItemGroup>
    <ClInclude Include="..\..\src\shared\Database\Database.h">
      <Filter>Database</Filter>
    </ClInclude>
    <ClInclude Include="..\..\src\shared\Database\DatabaseEnv.h">
      <Filter>Database</Filter>
    </ClInclude>
    <ClInclude Include="..\..\src\shared\Database\DatabaseImpl.h">
      <Filter>Database</Filter>
    </ClInclude>
    <ClInclude Include="..\..\src\shared\Database\DatabaseMysql.h">
      <Filter>Database</Filter>
    </ClInclude>
    <ClInclude Include="..\..\src\shared\Database\Field.h">
      <Filter>Database</Filter>
    </ClInclude>
    <ClInclude Include="..\..\src\shared\Database\MySQLDelayThread.h">
      <Filter>Database</Filter>
    </ClInclude>
    <ClInclude Include="..\..\src\shared\Database\QueryResult.h">
      <Filter>Database</Filter>
    </ClInclude>
    <ClInclude Include="..\..\src\shared\Database\QueryResultMysql.h">
      <Filter>Database</Filter>
    </ClInclude>
    <ClInclude Include="..\..\src\shared\Database\SqlDelayThread.h">
      <Filter>Database</Filter>
    </ClInclude>
    <ClInclude Include="..\..\src\shared\Database\SqlOperations.h">
      <Filter>Database</Filter>
    </ClInclude>
    <ClInclude Include="..\..\src\shared\Database\SQLStorage.h">
      <Filter>Database</Filter>
    </ClInclude>
    <ClInclude Include="..\..\src\shared\Database\SQLStorageImpl.h">
      <Filter>Database</Filter>
    </ClInclude>
    <ClInclude Include="..\..\src\shared\Database\DBCFileLoader.h">
      <Filter>Database\DataStores</Filter>
    </ClInclude>
    <ClInclude Include="..\..\src\shared\Database\DBCStore.h">
      <Filter>Database\DataStores</Filter>
    </ClInclude>
    <ClInclude Include="..\..\src\shared\Log.h">
      <Filter>Log</Filter>
    </ClInclude>
    <ClInclude Include="..\..\src\shared\ByteBuffer.h">
      <Filter>Util</Filter>
    </ClInclude>
    <ClInclude Include="..\..\src\shared\DelayExecutor.h">
      <Filter>Util</Filter>
    </ClInclude>
    <ClInclude Include="..\..\src\shared\Errors.h">
      <Filter>Util</Filter>
    </ClInclude>
    <ClInclude Include="..\..\src\shared\MemoryLeaks.h">
      <Filter>Util</Filter>
    </ClInclude>
    <ClInclude Include="..\..\dep\include\mersennetwister\MersenneTwister.h">
      <Filter>Util</Filter>
    </ClInclude>
    <ClInclude Include="..\..\src\shared\ProgressBar.h">
      <Filter>Util</Filter>
    </ClInclude>
    <ClInclude Include="..\..\src\shared\Timer.h">
      <Filter>Util</Filter>
    </ClInclude>
    <ClInclude Include="..\..\src\shared\Util.h">
      <Filter>Util</Filter>
    </ClInclude>
    <ClInclude Include="..\..\src\shared\WorldPacket.h">
      <Filter>Util</Filter>
    </ClInclude>
    <ClInclude Include="..\..\src\shared\Config\Config.h">
      <Filter>Config</Filter>
    </ClInclude>
    <ClInclude Include="..\..\src\shared\Auth\AuthCrypt.h">
      <Filter>Auth</Filter>
    </ClInclude>
    <ClInclude Include="..\..\src\shared\Auth\BigNumber.h">
      <Filter>Auth</Filter>
    </ClInclude>
    <ClInclude Include="..\..\src\shared\Auth\HMACSHA1.h">
      <Filter>Auth</Filter>
    </ClInclude>
    <ClInclude Include="..\..\src\shared\Auth\SARC4.h">
      <Filter>Auth</Filter>
    </ClInclude>
    <ClInclude Include="..\..\src\shared\Auth\Sha1.h">
      <Filter>Auth</Filter>
    </ClInclude>
    <ClInclude Include="..\..\src\shared\Common.h" />
    <ClInclude Include="..\..\src\shared\LockedQueue.h" />
    <ClInclude Include="..\..\src\shared\revision_nr.h" />
    <ClInclude Include="..\..\src\shared\revision_sql.h" />
    <ClInclude Include="..\..\src\shared\ServiceWin32.h" />
    <ClInclude Include="..\..\src\shared\Threading.h" />
  </ItemGroup>
  <ItemGroup>
    <CustomBuild Include="..\..\src\shared\revision.h" />
    <CustomBuild Include="..\..\src\shared\SystemConfig.h.in" />
  </ItemGroup>
</Project>