<?xml version="1.0" encoding="utf-8"?>
<Project ToolsVersion="4.0" xmlns="http://schemas.microsoft.com/developer/msbuild/2003">
  <ItemGroup>
    <Filter Include="Header Files">
      <UniqueIdentifier>{5492dc55-e812-4298-9858-9034cd13e99d}</UniqueIdentifier>
    </Filter>
    <Filter Include="Source Files">
      <UniqueIdentifier>{d2011f92-6bd4-4149-9c70-66433c115994}</UniqueIdentifier>
    </Filter>
  </ItemGroup>
  <ItemGroup>
    <ClInclude Include="..\..\dep\include\sockets\Base64.h">
      <Filter>Header Files</Filter>
    </ClInclude>
    <ClInclude Include="..\..\dep\include\sockets\Exception.h">
      <Filter>Header Files</Filter>
    </ClInclude>
    <ClInclude Include="..\..\dep\include\sockets\File.h">
      <Filter>Header Files</Filter>
    </ClInclude>
    <ClInclude Include="..\..\dep\include\sockets\IFile.h">
      <Filter>Header Files</Filter>
    </ClInclude>
    <ClInclude Include="..\..\dep\include\sockets\Ipv4Address.h">
      <Filter>Header Files</Filter>
    </ClInclude>
    <ClInclude Include="..\..\dep\include\sockets\Ipv6Address.h">
      <Filter>Header Files</Filter>
    </ClInclude>
    <ClInclude Include="..\..\dep\include\sockets\ISocketHandler.h">
      <Filter>Header Files</Filter>
    </ClInclude>
    <ClInclude Include="..\..\dep\include\sockets\ListenSocket.h">
      <Filter>Header Files</Filter>
    </ClInclude>
    <ClInclude Include="..\..\dep\include\sockets\Lock.h">
      <Filter>Header Files</Filter>
    </ClInclude>
    <ClInclude Include="..\..\dep\include\sockets\Mutex.h">
      <Filter>Header Files</Filter>
    </ClInclude>
    <ClInclude Include="..\..\dep\include\sockets\Parse.h">
      <Filter>Header Files</Filter>
    </ClInclude>
    <ClInclude Include="..\..\dep\include\sockets\ResolvServer.h">
      <Filter>Header Files</Filter>
    </ClInclude>
    <ClInclude Include="..\..\dep\include\sockets\ResolvSocket.h">
      <Filter>Header Files</Filter>
    </ClInclude>
    <ClInclude Include="..\..\dep\include\sockets\SctpSocket.h">
      <Filter>Header Files</Filter>
    </ClInclude>
    <ClInclude Include="..\..\dep\include\sockets\Socket.h">
      <Filter>Header Files</Filter>
    </ClInclude>
    <ClInclude Include="..\..\dep\include\sockets\socket_include.h">
      <Filter>Header Files</Filter>
    </ClInclude>
    <ClInclude Include="..\..\dep\include\sockets\SocketAddress.h">
      <Filter>Header Files</Filter>
    </ClInclude>
    <ClInclude Include="..\..\dep\include\sockets\SocketHandler.h">
      <Filter>Header Files</Filter>
    </ClInclude>
    <ClInclude Include="..\..\dep\include\sockets\sockets-config.h">
      <Filter>Header Files</Filter>
    </ClInclude>
    <ClInclude Include="..\..\dep\include\sockets\StdLog.h">
      <Filter>Header Files</Filter>
    </ClInclude>
    <ClInclude Include="..\..\dep\include\sockets\StdoutLog.h">
      <Filter>Header Files</Filter>
    </ClInclude>
    <ClInclude Include="..\..\dep\include\sockets\StreamSocket.h">
      <Filter>Header Files</Filter>
    </ClInclude>
    <ClInclude Include="..\..\dep\include\sockets\TcpSocket.h">
      <Filter>Header Files</Filter>
    </ClInclude>
    <ClInclude Include="..\..\dep\include\sockets\Thread.h">
      <Filter>Header Files</Filter>
    </ClInclude>
    <ClInclude Include="..\..\dep\include\sockets\UdpSocket.h">
      <Filter>Header Files</Filter>
    </ClInclude>
    <ClInclude Include="..\..\dep\include\sockets\Utility.h">
      <Filter>Header Files</Filter>
    </ClInclude>
  </ItemGroup>
  <ItemGroup>
    <ClCompile Include="..\..\dep\src\sockets\Base64.cpp">
      <Filter>Source Files</Filter>
    </ClCompile>
    <ClCompile Include="..\..\dep\src\sockets\Exception.cpp">
      <Filter>Source Files</Filter>
    </ClCompile>
    <ClCompile Include="..\..\dep\src\sockets\Ipv4Address.cpp">
      <Filter>Source Files</Filter>
    </ClCompile>
    <ClCompile Include="..\..\dep\src\sockets\Ipv6Address.cpp">
      <Filter>Source Files</Filter>
    </ClCompile>
    <ClCompile Include="..\..\dep\src\sockets\Lock.cpp">
      <Filter>Source Files</Filter>
    </ClCompile>
    <ClCompile Include="..\..\dep\src\sockets\Mutex.cpp">
      <Filter>Source Files</Filter>
    </ClCompile>
    <ClCompile Include="..\..\dep\src\sockets\Parse.cpp">
      <Filter>Source Files</Filter>
    </ClCompile>
    <ClCompile Include="..\..\dep\src\sockets\ResolvServer.cpp">
      <Filter>Source Files</Filter>
    </ClCompile>
    <ClCompile Include="..\..\dep\src\sockets\ResolvSocket.cpp">
      <Filter>Source Files</Filter>
    </ClCompile>
    <ClCompile Include="..\..\dep\src\sockets\Socket.cpp">
      <Filter>Source Files</Filter>
    </ClCompile>
    <ClCompile Include="..\..\dep\src\sockets\socket_include.cpp">
      <Filter>Source Files</Filter>
    </ClCompile>
    <ClCompile Include="..\..\dep\src\sockets\SocketHandler.cpp">
      <Filter>Source Files</Filter>
    </ClCompile>
    <ClCompile Include="..\..\dep\src\sockets\StdoutLog.cpp">
      <Filter>Source Files</Filter>
    </ClCompile>
    <ClCompile Include="..\..\dep\src\sockets\StreamSocket.cpp">
      <Filter>Source Files</Filter>
    </ClCompile>
    <ClCompile Include="..\..\dep\src\sockets\TcpSocket.cpp">
      <Filter>Source Files</Filter>
    </ClCompile>
    <ClCompile Include="..\..\dep\src\sockets\Thread.cpp">
      <Filter>Source Files</Filter>
    </ClCompile>
    <ClCompile Include="..\..\dep\src\sockets\UdpSocket.cpp">
      <Filter>Source Files</Filter>
    </ClCompile>
    <ClCompile Include="..\..\dep\src\sockets\Utility.cpp">
      <Filter>Source Files</Filter>
    </ClCompile>
  </ItemGroup>
</Project>