<?xml version="1.0" encoding="utf-8"?>
<Project ToolsVersion="4.0" xmlns="http://schemas.microsoft.com/developer/msbuild/2003">
  <ItemGroup>
    <Filter Include="Source Files">
      <UniqueIdentifier>{4FC737F1-C7A5-4376-A066-2A32D752A2FF}</UniqueIdentifier>
      <Extensions>cpp;c;cc;cxx;def;odl;idl;hpj;bat;asm;asmx</Extensions>
    </Filter>
    <Filter Include="Header Files">
      <UniqueIdentifier>{93995380-89BD-4b04-88EB-625FBE52EBFB}</UniqueIdentifier>
      <Extensions>h;hpp;hxx;hm;inl;inc;xsd</Extensions>
    </Filter>
    <Filter Include="Resource Files">
      <UniqueIdentifier>{67DA6AB6-F800-4c08-8B7A-83BB121AAD01}</UniqueIdentifier>
      <Extensions>rc;ico;cur;bmp;dlg;rc2;rct;bin;rgs;gif;jpg;jpeg;jpe;resx;tiff;tif;png;wav</Extensions>
    </Filter>
  </ItemGroup>
  <ItemGroup>
    <MASM Include="..\..\dep\tbb\src\tbb\ia32-masm\atomic_support.asm">
      <Filter>Source Files</Filter>
    </MASM>
    <MASM Include="..\..\dep\tbb\src\tbb\ia32-masm\lock_byte.asm">
      <Filter>Source Files</Filter>
    </MASM>
  </ItemGroup>
  <ItemGroup>
    <ClCompile Include="..\..\dep\tbb\src\tbb\cache_aligned_allocator.cpp">
      <Filter>Source Files</Filter>
    </ClCompile>
    <ClCompile Include="..\..\dep\tbb\src\tbb\concurrent_hash_map.cpp">
      <Filter>Source Files</Filter>
    </ClCompile>
    <ClCompile Include="..\..\dep\tbb\src\tbb\concurrent_queue.cpp">
      <Filter>Source Files</Filter>
    </ClCompile>
    <ClCompile Include="..\..\dep\tbb\src\old\concurrent_queue_v2.cpp">
      <Filter>Source Files</Filter>
    </ClCompile>
    <ClCompile Include="..\..\dep\tbb\src\tbb\concurrent_vector.cpp">
      <Filter>Source Files</Filter>
    </ClCompile>
    <ClCompile Include="..\..\dep\tbb\src\old\concurrent_vector_v2.cpp">
      <Filter>Source Files</Filter>
    </ClCompile>
    <ClCompile Include="..\..\dep\tbb\src\tbb\dynamic_link.cpp">
      <Filter>Source Files</Filter>
    </ClCompile>
    <ClCompile Include="..\..\dep\tbb\src\tbb\itt_notify.cpp">
      <Filter>Source Files</Filter>
    </ClCompile>
    <ClCompile Include="..\..\dep\tbb\src\tbb\itt_notify_proxy.c">
      <Filter>Source Files</Filter>
    </ClCompile>
    <ClCompile Include="..\..\dep\tbb\src\tbb\mutex.cpp">
      <Filter>Source Files</Filter>
    </ClCompile>
    <ClCompile Include="..\..\dep\tbb\src\tbb\pipeline.cpp">
      <Filter>Source Files</Filter>
    </ClCompile>
    <ClCompile Include="..\..\dep\tbb\src\tbb\private_server.cpp">
      <Filter>Source Files</Filter>
    </ClCompile>
    <ClCompile Include="..\..\dep\tbb\src\tbb\queuing_mutex.cpp">
      <Filter>Source Files</Filter>
    </ClCompile>
    <ClCompile Include="..\..\dep\tbb\src\tbb\queuing_rw_mutex.cpp">
      <Filter>Source Files</Filter>
    </ClCompile>
    <ClCompile Include="..\..\dep\tbb\src\tbb\recursive_mutex.cpp">
      <Filter>Source Files</Filter>
    </ClCompile>
    <ClCompile Include="..\..\dep\tbb\src\rml\client\rml_tbb.cpp">
      <Filter>Source Files</Filter>
    </ClCompile>
    <ClCompile Include="..\..\dep\tbb\src\tbb\spin_mutex.cpp">
      <Filter>Source Files</Filter>
    </ClCompile>
    <ClCompile Include="..\..\dep\tbb\src\tbb\spin_rw_mutex.cpp">
      <Filter>Source Files</Filter>
    </ClCompile>
    <ClCompile Include="..\..\dep\tbb\src\old\spin_rw_mutex_v2.cpp">
      <Filter>Source Files</Filter>
    </ClCompile>
    <ClCompile Include="..\..\dep\tbb\src\tbb\task.cpp">
      <Filter>Source Files</Filter>
    </ClCompile>
    <ClCompile Include="..\..\dep\tbb\src\tbb\tbb_misc.cpp">
      <Filter>Source Files</Filter>
    </ClCompile>
    <ClCompile Include="..\..\dep\tbb\src\tbb\tbb_thread.cpp">
      <Filter>Source Files</Filter>
    </ClCompile>
  </ItemGroup>
  <ItemGroup>
    <ClInclude Include="..\..\include\tbb\_tbb_windef.h">
      <Filter>Header Files</Filter>
    </ClInclude>
    <ClInclude Include="..\..\include\tbb\aligned_space.h">
      <Filter>Header Files</Filter>
    </ClInclude>
    <ClInclude Include="..\..\include\tbb\atomic.h">
      <Filter>Header Files</Filter>
    </ClInclude>
    <ClInclude Include="..\..\include\tbb\blocked_range.h">
      <Filter>Header Files</Filter>
    </ClInclude>
    <ClInclude Include="..\..\include\tbb\blocked_range2d.h">
      <Filter>Header Files</Filter>
    </ClInclude>
    <ClInclude Include="..\..\include\tbb\blocked_range3d.h">
      <Filter>Header Files</Filter>
    </ClInclude>
    <ClInclude Include="..\..\include\tbb\cache_aligned_allocator.h">
      <Filter>Header Files</Filter>
    </ClInclude>
    <ClInclude Include="..\..\include\tbb\concurrent_hash_map.h">
      <Filter>Header Files</Filter>
    </ClInclude>
    <ClInclude Include="..\..\include\tbb\concurrent_queue.h">
      <Filter>Header Files</Filter>
    </ClInclude>
    <ClInclude Include="..\..\dep\tbb\src\old\concurrent_queue_v2.h">
      <Filter>Header Files</Filter>
    </ClInclude>
    <ClInclude Include="..\..\include\tbb\concurrent_vector.h">
      <Filter>Header Files</Filter>
    </ClInclude>
    <ClInclude Include="..\..\dep\tbb\src\old\concurrent_vector_v2.h">
      <Filter>Header Files</Filter>
    </ClInclude>
    <ClInclude Include="..\..\dep\tbb\src\tbb\dynamic_link.h">
      <Filter>Header Files</Filter>
    </ClInclude>
    <ClInclude Include="..\..\include\tbb\enumerable_thread_specific.h">
      <Filter>Header Files</Filter>
    </ClInclude>
    <ClInclude Include="..\..\dep\tbb\src\tbb\gate.h">
      <Filter>Header Files</Filter>
    </ClInclude>
    <ClInclude Include="..\..\include\tbb\machine\ibm_aix51.h">
      <Filter>Header Files</Filter>
    </ClInclude>
    <ClInclude Include="..\..\dep\tbb\src\tbb\itt_notify.h">
      <Filter>Header Files</Filter>
    </ClInclude>
    <ClInclude Include="..\..\include\tbb\machine\linux_common.h">
      <Filter>Header Files</Filter>
    </ClInclude>
    <ClInclude Include="..\..\include\tbb\machine\linux_ia32.h">
      <Filter>Header Files</Filter>
    </ClInclude>
    <ClInclude Include="..\..\include\tbb\machine\linux_ia64.h">
      <Filter>Header Files</Filter>
    </ClInclude>
    <ClInclude Include="..\..\include\tbb\machine\linux_intel64.h">
      <Filter>Header Files</Filter>
    </ClInclude>
    <ClInclude Include="..\..\include\tbb\machine\mac_ppc.h">
      <Filter>Header Files</Filter>
    </ClInclude>
    <ClInclude Include="..\..\include\tbb\mutex.h">
      <Filter>Header Files</Filter>
    </ClInclude>
    <ClInclude Include="..\..\include\tbb\null_mutex.h">
      <Filter>Header Files</Filter>
    </ClInclude>
    <ClInclude Include="..\..\include\tbb\null_rw_mutex.h">
      <Filter>Header Files</Filter>
    </ClInclude>
    <ClInclude Include="..\..\include\tbb\parallel_do.h">
      <Filter>Header Files</Filter>
    </ClInclude>
    <ClInclude Include="..\..\include\tbb\parallel_for.h">
      <Filter>Header Files</Filter>
    </ClInclude>
    <ClInclude Include="..\..\include\tbb\parallel_reduce.h">
      <Filter>Header Files</Filter>
    </ClInclude>
    <ClInclude Include="..\..\include\tbb\parallel_scan.h">
      <Filter>Header Files</Filter>
    </ClInclude>
    <ClInclude Include="..\..\include\tbb\parallel_sort.h">
      <Filter>Header Files</Filter>
    </ClInclude>
    <ClInclude Include="..\..\include\tbb\parallel_while.h">
      <Filter>Header Files</Filter>
    </ClInclude>
    <ClInclude Include="..\..\include\tbb\partitioner.h">
      <Filter>Header Files</Filter>
    </ClInclude>
    <ClInclude Include="..\..\include\tbb\pipeline.h">
      <Filter>Header Files</Filter>
    </ClInclude>
    <ClInclude Include="..\..\include\tbb\queuing_mutex.h">
      <Filter>Header Files</Filter>
    </ClInclude>
    <ClInclude Include="..\..\include\tbb\queuing_rw_mutex.h">
      <Filter>Header Files</Filter>
    </ClInclude>
    <ClInclude Include="..\..\include\tbb\recursive_mutex.h">
      <Filter>Header Files</Filter>
    </ClInclude>
    <ClInclude Include="..\..\include\tbb\scalable_allocator.h">
      <Filter>Header Files</Filter>
    </ClInclude>
    <ClInclude Include="..\..\include\tbb\spin_mutex.h">
      <Filter>Header Files</Filter>
    </ClInclude>
    <ClInclude Include="..\..\include\tbb\spin_rw_mutex.h">
      <Filter>Header Files</Filter>
    </ClInclude>
    <ClInclude Include="..\..\dep\tbb\src\old\spin_rw_mutex_v2.h">
      <Filter>Header Files</Filter>
    </ClInclude>
    <ClInclude Include="..\..\include\tbb\task.h">
      <Filter>Header Files</Filter>
    </ClInclude>
    <ClInclude Include="..\..\include\tbb\task_scheduler_init.h">
      <Filter>Header Files</Filter>
    </ClInclude>
    <ClInclude Include="..\..\include\tbb\task_scheduler_observer.h">
      <Filter>Header Files</Filter>
    </ClInclude>
    <ClInclude Include="..\..\include\tbb\tbb_allocator.h">
      <Filter>Header Files</Filter>
    </ClInclude>
    <ClInclude Include="..\..\dep\tbb\src\tbb\tbb_assert_impl.h">
      <Filter>Header Files</Filter>
    </ClInclude>
    <ClInclude Include="..\..\include\tbb\tbb_exception.h">
      <Filter>Header Files</Filter>
    </ClInclude>
    <ClInclude Include="..\..\include\tbb\tbb_machine.h">
      <Filter>Header Files</Filter>
    </ClInclude>
    <ClInclude Include="..\..\dep\tbb\src\tbb\tbb_misc.h">
      <Filter>Header Files</Filter>
    </ClInclude>
    <ClInclude Include="..\..\include\tbb\tbb_profiling.h">
      <Filter>Header Files</Filter>
    </ClInclude>
    <ClInclude Include="..\..\include\tbb\tbb_stddef.h">
      <Filter>Header Files</Filter>
    </ClInclude>
    <ClInclude Include="..\..\include\tbb\tbb_thread.h">
      <Filter>Header Files</Filter>
    </ClInclude>
    <ClInclude Include="..\..\dep\tbb\src\tbb\tbb_version.h">
      <Filter>Header Files</Filter>
    </ClInclude>
    <ClInclude Include="..\..\include\tbb\tbbmalloc_proxy.h">
      <Filter>Header Files</Filter>
    </ClInclude>
    <ClInclude Include="..\..\include\tbb\tick_count.h">
      <Filter>Header Files</Filter>
    </ClInclude>
    <ClInclude Include="..\..\include\tbb\machine\windows_ia32.h">
      <Filter>Header Files</Filter>
    </ClInclude>
    <ClInclude Include="..\..\include\tbb\machine\windows_intel64.h">
      <Filter>Header Files</Filter>
    </ClInclude>
  </ItemGroup>
  <ItemGroup>
    <ResourceCompile Include="..\..\dep\tbb\src\tbb\tbb_resource.rc">
      <Filter>Resource Files</Filter>
    </ResourceCompile>
  </ItemGroup>
  <ItemGroup>
    <CustomBuild Include="..\..\dep\tbb\src\tbb\intel64-masm\atomic_support.asm">
      <Filter>Source Files</Filter>
    </CustomBuild>
    <CustomBuild Include="..\..\dep\tbb\src\tbb\win32-tbb-export.def">
      <Filter>Source Files</Filter>
    </CustomBuild>
    <CustomBuild Include="..\..\dep\tbb\src\tbb\win64-tbb-export.def">
      <Filter>Source Files</Filter>
    </CustomBuild>
  </ItemGroup>
</Project>